// !$*UTF8*$!
{
	archiveVersion = 1;
	classes = {
	};
	objectVersion = 55;
	objects = {

/* Begin PBXBuildFile section */
		5370DFC82848FE6500FD1ED5 /* Inter-Regular.ttf in Resources */ = {isa = PBXBuildFile; fileRef = 5370DFBF2848FE6500FD1ED5 /* Inter-Regular.ttf */; };
		5370DFC92848FE6500FD1ED5 /* Inter-Medium.ttf in Resources */ = {isa = PBXBuildFile; fileRef = 5370DFC02848FE6500FD1ED5 /* Inter-Medium.ttf */; };
		5370DFCA2848FE6500FD1ED5 /* Inter-Black.ttf in Resources */ = {isa = PBXBuildFile; fileRef = 5370DFC12848FE6500FD1ED5 /* Inter-Black.ttf */; };
		5370DFCB2848FE6500FD1ED5 /* Inter-ExtraLight.ttf in Resources */ = {isa = PBXBuildFile; fileRef = 5370DFC22848FE6500FD1ED5 /* Inter-ExtraLight.ttf */; };
		5370DFCC2848FE6500FD1ED5 /* Inter-SemiBold.ttf in Resources */ = {isa = PBXBuildFile; fileRef = 5370DFC32848FE6500FD1ED5 /* Inter-SemiBold.ttf */; };
		5370DFCD2848FE6500FD1ED5 /* Inter-Light.ttf in Resources */ = {isa = PBXBuildFile; fileRef = 5370DFC42848FE6500FD1ED5 /* Inter-Light.ttf */; };
		5370DFCE2848FE6500FD1ED5 /* Inter-Bold.ttf in Resources */ = {isa = PBXBuildFile; fileRef = 5370DFC52848FE6500FD1ED5 /* Inter-Bold.ttf */; };
		5370DFCF2848FE6500FD1ED5 /* Inter-ExtraBold.ttf in Resources */ = {isa = PBXBuildFile; fileRef = 5370DFC62848FE6500FD1ED5 /* Inter-ExtraBold.ttf */; };
		5370DFD02848FE6500FD1ED5 /* Inter-Thin.ttf in Resources */ = {isa = PBXBuildFile; fileRef = 5370DFC72848FE6500FD1ED5 /* Inter-Thin.ttf */; };
		6216E07A2848EC780019747D /* Font+Ext.swift in Sources */ = {isa = PBXBuildFile; fileRef = 6216E0782848EC780019747D /* Font+Ext.swift */; };
		6216E07B2848EC780019747D /* Color+Ext.swift in Sources */ = {isa = PBXBuildFile; fileRef = 6216E0792848EC780019747D /* Color+Ext.swift */; };
		6216E0852848ED4D0019747D /* SmallProductCardViewCell.swift in Sources */ = {isa = PBXBuildFile; fileRef = 6216E0812848ED4D0019747D /* SmallProductCardViewCell.swift */; };
		6216E0862848ED4D0019747D /* LargeProductCardViewCell.xib in Resources */ = {isa = PBXBuildFile; fileRef = 6216E0822848ED4D0019747D /* LargeProductCardViewCell.xib */; };
		6216E0872848ED4D0019747D /* LargeProductCardViewCell.swift in Sources */ = {isa = PBXBuildFile; fileRef = 6216E0832848ED4D0019747D /* LargeProductCardViewCell.swift */; };
		6216E0882848ED4D0019747D /* SmallProductCardViewCell.xib in Resources */ = {isa = PBXBuildFile; fileRef = 6216E0842848ED4D0019747D /* SmallProductCardViewCell.xib */; };
		626A1D1428465BE500B2DA8A /* UIView+Ext.swift in Sources */ = {isa = PBXBuildFile; fileRef = 626A1D1328465BE500B2DA8A /* UIView+Ext.swift */; };
		62759B81284A52AD00622184 /* SearchViewController.swift in Sources */ = {isa = PBXBuildFile; fileRef = 62759B7F284A52AD00622184 /* SearchViewController.swift */; };
		62759B82284A52AD00622184 /* SearchViewController.xib in Resources */ = {isa = PBXBuildFile; fileRef = 62759B80284A52AD00622184 /* SearchViewController.xib */; };
		62A33F04284B5E0500D030F8 /* CustomSearchBar.swift in Sources */ = {isa = PBXBuildFile; fileRef = 62A33F03284B5E0500D030F8 /* CustomSearchBar.swift */; };
		62CA2D312847989200389230 /* UIViewController+Ext.swift in Sources */ = {isa = PBXBuildFile; fileRef = 62CA2D302847989200389230 /* UIViewController+Ext.swift */; };
		62CA2D342847AEA200389230 /* ViewController2.swift in Sources */ = {isa = PBXBuildFile; fileRef = 62CA2D322847AEA200389230 /* ViewController2.swift */; };
		62CA2D352847AEA200389230 /* ViewController2.xib in Resources */ = {isa = PBXBuildFile; fileRef = 62CA2D332847AEA200389230 /* ViewController2.xib */; };
		62CFEE21283E574600E909AA /* AppDelegate.swift in Sources */ = {isa = PBXBuildFile; fileRef = 62CFEE20283E574600E909AA /* AppDelegate.swift */; };
		62CFEE2A283E574A00E909AA /* Assets.xcassets in Resources */ = {isa = PBXBuildFile; fileRef = 62CFEE29283E574A00E909AA /* Assets.xcassets */; };
		62CFEE2D283E574A00E909AA /* LaunchScreen.storyboard in Resources */ = {isa = PBXBuildFile; fileRef = 62CFEE2B283E574A00E909AA /* LaunchScreen.storyboard */; };
		62FCC0D6283E59CA00BF79E2 /* ViewController.swift in Sources */ = {isa = PBXBuildFile; fileRef = 62FCC0D4283E59CA00BF79E2 /* ViewController.swift */; };
		62FCC0D7283E59CA00BF79E2 /* ViewController.xib in Resources */ = {isa = PBXBuildFile; fileRef = 62FCC0D5283E59CA00BF79E2 /* ViewController.xib */; };
		62FCC0DB283E5AE600BF79E2 /* ExampleViewModel.swift in Sources */ = {isa = PBXBuildFile; fileRef = 62FCC0DA283E5AE600BF79E2 /* ExampleViewModel.swift */; };
		62FCC0E1283E5B5400BF79E2 /* Constants.swift in Sources */ = {isa = PBXBuildFile; fileRef = 62FCC0E0283E5B5400BF79E2 /* Constants.swift */; };
		62FCC0E3283E5B6C00BF79E2 /* String+Ext.swift in Sources */ = {isa = PBXBuildFile; fileRef = 62FCC0E2283E5B6C00BF79E2 /* String+Ext.swift */; };
		62FCC0E8283E5BA500BF79E2 /* ExampleTableViewCell.swift in Sources */ = {isa = PBXBuildFile; fileRef = 62FCC0E6283E5BA500BF79E2 /* ExampleTableViewCell.swift */; };
		62FCC0E9283E5BA500BF79E2 /* ExampleTableViewCell.xib in Resources */ = {isa = PBXBuildFile; fileRef = 62FCC0E7283E5BA500BF79E2 /* ExampleTableViewCell.xib */; };
		62FCC0F0283E5BFA00BF79E2 /* ApiClient.swift in Sources */ = {isa = PBXBuildFile; fileRef = 62FCC0EF283E5BFA00BF79E2 /* ApiClient.swift */; };
		62FCC0FF283E660500BF79E2 /* MainCoordinator.swift in Sources */ = {isa = PBXBuildFile; fileRef = 62FCC0FE283E660500BF79E2 /* MainCoordinator.swift */; };
		62FCC103283E666200BF79E2 /* ExampleResponse.swift in Sources */ = {isa = PBXBuildFile; fileRef = 62FCC102283E666200BF79E2 /* ExampleResponse.swift */; };
		62FCC105283E668000BF79E2 /* ExampleUseCase.swift in Sources */ = {isa = PBXBuildFile; fileRef = 62FCC104283E668000BF79E2 /* ExampleUseCase.swift */; };
		62FCC109283E66DE00BF79E2 /* ExampleRepositoryInterface.swift in Sources */ = {isa = PBXBuildFile; fileRef = 62FCC108283E66DE00BF79E2 /* ExampleRepositoryInterface.swift */; };
		62FCC10C283E6B2C00BF79E2 /* ExampleRepository.swift in Sources */ = {isa = PBXBuildFile; fileRef = 62FCC10B283E6B2C00BF79E2 /* ExampleRepository.swift */; };
		8BAB4B4F966DD6349029E2F1 /* Pods_homepoint.framework in Frameworks */ = {isa = PBXBuildFile; fileRef = 917D9AE6C7ECA095AA9F8E72 /* Pods_homepoint.framework */; };
/* End PBXBuildFile section */

/* Begin PBXFileReference section */
		34D91DF7C9A9C7D91F2D44A3 /* Pods-homepoint.release.xcconfig */ = {isa = PBXFileReference; includeInIndex = 1; lastKnownFileType = text.xcconfig; name = "Pods-homepoint.release.xcconfig"; path = "Target Support Files/Pods-homepoint/Pods-homepoint.release.xcconfig"; sourceTree = "<group>"; };
		5370DFBF2848FE6500FD1ED5 /* Inter-Regular.ttf */ = {isa = PBXFileReference; lastKnownFileType = file; path = "Inter-Regular.ttf"; sourceTree = "<group>"; };
		5370DFC02848FE6500FD1ED5 /* Inter-Medium.ttf */ = {isa = PBXFileReference; lastKnownFileType = file; path = "Inter-Medium.ttf"; sourceTree = "<group>"; };
		5370DFC12848FE6500FD1ED5 /* Inter-Black.ttf */ = {isa = PBXFileReference; lastKnownFileType = file; path = "Inter-Black.ttf"; sourceTree = "<group>"; };
		5370DFC22848FE6500FD1ED5 /* Inter-ExtraLight.ttf */ = {isa = PBXFileReference; lastKnownFileType = file; path = "Inter-ExtraLight.ttf"; sourceTree = "<group>"; };
		5370DFC32848FE6500FD1ED5 /* Inter-SemiBold.ttf */ = {isa = PBXFileReference; lastKnownFileType = file; path = "Inter-SemiBold.ttf"; sourceTree = "<group>"; };
		5370DFC42848FE6500FD1ED5 /* Inter-Light.ttf */ = {isa = PBXFileReference; lastKnownFileType = file; path = "Inter-Light.ttf"; sourceTree = "<group>"; };
		5370DFC52848FE6500FD1ED5 /* Inter-Bold.ttf */ = {isa = PBXFileReference; lastKnownFileType = file; path = "Inter-Bold.ttf"; sourceTree = "<group>"; };
		5370DFC62848FE6500FD1ED5 /* Inter-ExtraBold.ttf */ = {isa = PBXFileReference; lastKnownFileType = file; path = "Inter-ExtraBold.ttf"; sourceTree = "<group>"; };
		5370DFC72848FE6500FD1ED5 /* Inter-Thin.ttf */ = {isa = PBXFileReference; lastKnownFileType = file; path = "Inter-Thin.ttf"; sourceTree = "<group>"; };
		6216E0782848EC780019747D /* Font+Ext.swift */ = {isa = PBXFileReference; fileEncoding = 4; lastKnownFileType = sourcecode.swift; path = "Font+Ext.swift"; sourceTree = "<group>"; };
		6216E0792848EC780019747D /* Color+Ext.swift */ = {isa = PBXFileReference; fileEncoding = 4; lastKnownFileType = sourcecode.swift; path = "Color+Ext.swift"; sourceTree = "<group>"; };
		6216E0812848ED4D0019747D /* SmallProductCardViewCell.swift */ = {isa = PBXFileReference; fileEncoding = 4; lastKnownFileType = sourcecode.swift; path = SmallProductCardViewCell.swift; sourceTree = "<group>"; };
		6216E0822848ED4D0019747D /* LargeProductCardViewCell.xib */ = {isa = PBXFileReference; fileEncoding = 4; lastKnownFileType = file.xib; path = LargeProductCardViewCell.xib; sourceTree = "<group>"; };
		6216E0832848ED4D0019747D /* LargeProductCardViewCell.swift */ = {isa = PBXFileReference; fileEncoding = 4; lastKnownFileType = sourcecode.swift; path = LargeProductCardViewCell.swift; sourceTree = "<group>"; };
		6216E0842848ED4D0019747D /* SmallProductCardViewCell.xib */ = {isa = PBXFileReference; fileEncoding = 4; lastKnownFileType = file.xib; path = SmallProductCardViewCell.xib; sourceTree = "<group>"; };
		626A1D1328465BE500B2DA8A /* UIView+Ext.swift */ = {isa = PBXFileReference; lastKnownFileType = sourcecode.swift; path = "UIView+Ext.swift"; sourceTree = "<group>"; };
		62759B7F284A52AD00622184 /* SearchViewController.swift */ = {isa = PBXFileReference; lastKnownFileType = sourcecode.swift; path = SearchViewController.swift; sourceTree = "<group>"; };
		62759B80284A52AD00622184 /* SearchViewController.xib */ = {isa = PBXFileReference; lastKnownFileType = file.xib; path = SearchViewController.xib; sourceTree = "<group>"; };
		62A33F03284B5E0500D030F8 /* CustomSearchBar.swift */ = {isa = PBXFileReference; lastKnownFileType = sourcecode.swift; path = CustomSearchBar.swift; sourceTree = "<group>"; };
		62CA2D302847989200389230 /* UIViewController+Ext.swift */ = {isa = PBXFileReference; lastKnownFileType = sourcecode.swift; path = "UIViewController+Ext.swift"; sourceTree = "<group>"; };
		62CA2D322847AEA200389230 /* ViewController2.swift */ = {isa = PBXFileReference; lastKnownFileType = sourcecode.swift; path = ViewController2.swift; sourceTree = "<group>"; };
		62CA2D332847AEA200389230 /* ViewController2.xib */ = {isa = PBXFileReference; lastKnownFileType = file.xib; path = ViewController2.xib; sourceTree = "<group>"; };
		62CFEE1D283E574600E909AA /* homepoint.app */ = {isa = PBXFileReference; explicitFileType = wrapper.application; includeInIndex = 0; path = homepoint.app; sourceTree = BUILT_PRODUCTS_DIR; };
		62CFEE20283E574600E909AA /* AppDelegate.swift */ = {isa = PBXFileReference; lastKnownFileType = sourcecode.swift; path = AppDelegate.swift; sourceTree = "<group>"; };
		62CFEE29283E574A00E909AA /* Assets.xcassets */ = {isa = PBXFileReference; lastKnownFileType = folder.assetcatalog; path = Assets.xcassets; sourceTree = "<group>"; };
		62CFEE2C283E574A00E909AA /* Base */ = {isa = PBXFileReference; lastKnownFileType = file.storyboard; name = Base; path = Base.lproj/LaunchScreen.storyboard; sourceTree = "<group>"; };
		62CFEE2E283E574A00E909AA /* Info.plist */ = {isa = PBXFileReference; lastKnownFileType = text.plist.xml; path = Info.plist; sourceTree = "<group>"; };
		62FCC0D4283E59CA00BF79E2 /* ViewController.swift */ = {isa = PBXFileReference; lastKnownFileType = sourcecode.swift; path = ViewController.swift; sourceTree = "<group>"; };
		62FCC0D5283E59CA00BF79E2 /* ViewController.xib */ = {isa = PBXFileReference; lastKnownFileType = file.xib; path = ViewController.xib; sourceTree = "<group>"; };
		62FCC0DA283E5AE600BF79E2 /* ExampleViewModel.swift */ = {isa = PBXFileReference; lastKnownFileType = sourcecode.swift; path = ExampleViewModel.swift; sourceTree = "<group>"; };
		62FCC0E0283E5B5400BF79E2 /* Constants.swift */ = {isa = PBXFileReference; lastKnownFileType = sourcecode.swift; path = Constants.swift; sourceTree = "<group>"; };
		62FCC0E2283E5B6C00BF79E2 /* String+Ext.swift */ = {isa = PBXFileReference; lastKnownFileType = sourcecode.swift; path = "String+Ext.swift"; sourceTree = "<group>"; };
		62FCC0E6283E5BA500BF79E2 /* ExampleTableViewCell.swift */ = {isa = PBXFileReference; lastKnownFileType = sourcecode.swift; path = ExampleTableViewCell.swift; sourceTree = "<group>"; };
		62FCC0E7283E5BA500BF79E2 /* ExampleTableViewCell.xib */ = {isa = PBXFileReference; lastKnownFileType = file.xib; path = ExampleTableViewCell.xib; sourceTree = "<group>"; };
		62FCC0EF283E5BFA00BF79E2 /* ApiClient.swift */ = {isa = PBXFileReference; lastKnownFileType = sourcecode.swift; path = ApiClient.swift; sourceTree = "<group>"; };
		62FCC0FE283E660500BF79E2 /* MainCoordinator.swift */ = {isa = PBXFileReference; lastKnownFileType = sourcecode.swift; path = MainCoordinator.swift; sourceTree = "<group>"; };
		62FCC102283E666200BF79E2 /* ExampleResponse.swift */ = {isa = PBXFileReference; lastKnownFileType = sourcecode.swift; path = ExampleResponse.swift; sourceTree = "<group>"; };
		62FCC104283E668000BF79E2 /* ExampleUseCase.swift */ = {isa = PBXFileReference; lastKnownFileType = sourcecode.swift; path = ExampleUseCase.swift; sourceTree = "<group>"; };
		62FCC108283E66DE00BF79E2 /* ExampleRepositoryInterface.swift */ = {isa = PBXFileReference; lastKnownFileType = sourcecode.swift; path = ExampleRepositoryInterface.swift; sourceTree = "<group>"; };
		62FCC10B283E6B2C00BF79E2 /* ExampleRepository.swift */ = {isa = PBXFileReference; lastKnownFileType = sourcecode.swift; path = ExampleRepository.swift; sourceTree = "<group>"; };
		71B8233A6E5C61E2779F9BAE /* Pods-homepoint.debug.xcconfig */ = {isa = PBXFileReference; includeInIndex = 1; lastKnownFileType = text.xcconfig; name = "Pods-homepoint.debug.xcconfig"; path = "Target Support Files/Pods-homepoint/Pods-homepoint.debug.xcconfig"; sourceTree = "<group>"; };
		917D9AE6C7ECA095AA9F8E72 /* Pods_homepoint.framework */ = {isa = PBXFileReference; explicitFileType = wrapper.framework; includeInIndex = 0; path = Pods_homepoint.framework; sourceTree = BUILT_PRODUCTS_DIR; };
/* End PBXFileReference section */

/* Begin PBXFrameworksBuildPhase section */
		62CFEE1A283E574600E909AA /* Frameworks */ = {
			isa = PBXFrameworksBuildPhase;
			buildActionMask = 2147483647;
			files = (
				8BAB4B4F966DD6349029E2F1 /* Pods_homepoint.framework in Frameworks */,
			);
			runOnlyForDeploymentPostprocessing = 0;
		};
/* End PBXFrameworksBuildPhase section */

/* Begin PBXGroup section */
		00E7DDD7BD0E49B5DB94BBD5 /* Pods */ = {
			isa = PBXGroup;
			children = (
				71B8233A6E5C61E2779F9BAE /* Pods-homepoint.debug.xcconfig */,
				34D91DF7C9A9C7D91F2D44A3 /* Pods-homepoint.release.xcconfig */,
			);
			path = Pods;
			sourceTree = "<group>";
		};
		454110867A4929A210407661 /* Frameworks */ = {
			isa = PBXGroup;
			children = (
				917D9AE6C7ECA095AA9F8E72 /* Pods_homepoint.framework */,
			);
			name = Frameworks;
			sourceTree = "<group>";
		};
		5370DFBD2848FE4B00FD1ED5 /* Resources */ = {
			isa = PBXGroup;
			children = (
				5370DFBE2848FE5600FD1ED5 /* Font */,
			);
			path = Resources;
			sourceTree = "<group>";
		};
		5370DFBE2848FE5600FD1ED5 /* Font */ = {
			isa = PBXGroup;
			children = (
				5370DFC12848FE6500FD1ED5 /* Inter-Black.ttf */,
				5370DFC52848FE6500FD1ED5 /* Inter-Bold.ttf */,
				5370DFC62848FE6500FD1ED5 /* Inter-ExtraBold.ttf */,
				5370DFC22848FE6500FD1ED5 /* Inter-ExtraLight.ttf */,
				5370DFC42848FE6500FD1ED5 /* Inter-Light.ttf */,
				5370DFC02848FE6500FD1ED5 /* Inter-Medium.ttf */,
				5370DFBF2848FE6500FD1ED5 /* Inter-Regular.ttf */,
				5370DFC32848FE6500FD1ED5 /* Inter-SemiBold.ttf */,
				5370DFC72848FE6500FD1ED5 /* Inter-Thin.ttf */,
			);
			path = Font;
			sourceTree = "<group>";
		};
		6216E07F2848ED2A0019747D /* Reusables */ = {
			isa = PBXGroup;
			children = (
				62A33F02284B5DC400D030F8 /* SearchBar */,
				6216E0802848ED300019747D /* ProductCard */,
			);
			path = Reusables;
			sourceTree = "<group>";
		};
		6216E0802848ED300019747D /* ProductCard */ = {
			isa = PBXGroup;
			children = (
				6216E0832848ED4D0019747D /* LargeProductCardViewCell.swift */,
				6216E0822848ED4D0019747D /* LargeProductCardViewCell.xib */,
				6216E0812848ED4D0019747D /* SmallProductCardViewCell.swift */,
				6216E0842848ED4D0019747D /* SmallProductCardViewCell.xib */,
			);
			path = ProductCard;
			sourceTree = "<group>";
		};
		62759B7E284A523300622184 /* Search */ = {
			isa = PBXGroup;
			children = (
				62759B7F284A52AD00622184 /* SearchViewController.swift */,
				62759B80284A52AD00622184 /* SearchViewController.xib */,
			);
			path = Search;
			sourceTree = "<group>";
		};
		62A33F02284B5DC400D030F8 /* SearchBar */ = {
			isa = PBXGroup;
			children = (
				62A33F03284B5E0500D030F8 /* CustomSearchBar.swift */,
			);
			path = SearchBar;
			sourceTree = "<group>";
		};
		62CFEE14283E574600E909AA = {
			isa = PBXGroup;
			children = (
				62CFEE1F283E574600E909AA /* homepoint */,
				62CFEE1E283E574600E909AA /* Products */,
				00E7DDD7BD0E49B5DB94BBD5 /* Pods */,
				454110867A4929A210407661 /* Frameworks */,
			);
			sourceTree = "<group>";
		};
		62CFEE1E283E574600E909AA /* Products */ = {
			isa = PBXGroup;
			children = (
				62CFEE1D283E574600E909AA /* homepoint.app */,
			);
			name = Products;
			sourceTree = "<group>";
		};
		62CFEE1F283E574600E909AA /* homepoint */ = {
			isa = PBXGroup;
			children = (
				5370DFBD2848FE4B00FD1ED5 /* Resources */,
				62FCC0FD283E65EC00BF79E2 /* Coordinator */,
				62FCC0F1283E616100BF79E2 /* Features */,
				62FCC0F9283E621400BF79E2 /* Domain */,
				62FCC0FA283E621C00BF79E2 /* Data */,
				62FCC0DD283E5B2A00BF79E2 /* Helpers */,
				62FCC0DC283E5B1A00BF79E2 /* Application */,
				62CFEE2E283E574A00E909AA /* Info.plist */,
			);
			path = homepoint;
			sourceTree = "<group>";
		};
		62FCC0DC283E5B1A00BF79E2 /* Application */ = {
			isa = PBXGroup;
			children = (
				62CFEE20283E574600E909AA /* AppDelegate.swift */,
				62CFEE29283E574A00E909AA /* Assets.xcassets */,
				62CFEE2B283E574A00E909AA /* LaunchScreen.storyboard */,
			);
			path = Application;
			sourceTree = "<group>";
		};
		62FCC0DD283E5B2A00BF79E2 /* Helpers */ = {
			isa = PBXGroup;
			children = (
				62FCC0DF283E5B4600BF79E2 /* Extensions */,
				62FCC0DE283E5B3A00BF79E2 /* Constants */,
			);
			path = Helpers;
			sourceTree = "<group>";
		};
		62FCC0DE283E5B3A00BF79E2 /* Constants */ = {
			isa = PBXGroup;
			children = (
				62FCC0E0283E5B5400BF79E2 /* Constants.swift */,
			);
			path = Constants;
			sourceTree = "<group>";
		};
		62FCC0DF283E5B4600BF79E2 /* Extensions */ = {
			isa = PBXGroup;
			children = (
				6216E0792848EC780019747D /* Color+Ext.swift */,
				6216E0782848EC780019747D /* Font+Ext.swift */,
				62FCC0E2283E5B6C00BF79E2 /* String+Ext.swift */,
				626A1D1328465BE500B2DA8A /* UIView+Ext.swift */,
				62CA2D302847989200389230 /* UIViewController+Ext.swift */,
			);
			path = Extensions;
			sourceTree = "<group>";
		};
		62FCC0EE283E5BDF00BF79E2 /* Network */ = {
			isa = PBXGroup;
			children = (
				62FCC0EF283E5BFA00BF79E2 /* ApiClient.swift */,
			);
			path = Network;
			sourceTree = "<group>";
		};
		62FCC0F1283E616100BF79E2 /* Features */ = {
			isa = PBXGroup;
			children = (
				62759B7E284A523300622184 /* Search */,
				6216E07F2848ED2A0019747D /* Reusables */,
				62FCC0F2283E616B00BF79E2 /* Example */,
			);
			path = Features;
			sourceTree = "<group>";
		};
		62FCC0F2283E616B00BF79E2 /* Example */ = {
			isa = PBXGroup;
			children = (
				62FCC0F4283E61A400BF79E2 /* ViewControllers */,
				62FCC0F8283E61E200BF79E2 /* ViewCells */,
				62FCC0F3283E619D00BF79E2 /* ViewModel */,
			);
			path = Example;
			sourceTree = "<group>";
		};
		62FCC0F3283E619D00BF79E2 /* ViewModel */ = {
			isa = PBXGroup;
			children = (
				62FCC0DA283E5AE600BF79E2 /* ExampleViewModel.swift */,
			);
			path = ViewModel;
			sourceTree = "<group>";
		};
		62FCC0F4283E61A400BF79E2 /* ViewControllers */ = {
			isa = PBXGroup;
			children = (
				62FCC0D4283E59CA00BF79E2 /* ViewController.swift */,
				62FCC0D5283E59CA00BF79E2 /* ViewController.xib */,
				62CA2D322847AEA200389230 /* ViewController2.swift */,
				62CA2D332847AEA200389230 /* ViewController2.xib */,
			);
			path = ViewControllers;
			sourceTree = "<group>";
		};
		62FCC0F8283E61E200BF79E2 /* ViewCells */ = {
			isa = PBXGroup;
			children = (
				62FCC0E6283E5BA500BF79E2 /* ExampleTableViewCell.swift */,
				62FCC0E7283E5BA500BF79E2 /* ExampleTableViewCell.xib */,
			);
			path = ViewCells;
			sourceTree = "<group>";
		};
		62FCC0F9283E621400BF79E2 /* Domain */ = {
			isa = PBXGroup;
			children = (
				62FCC106283E66C200BF79E2 /* Interfaces */,
				62FCC101283E663300BF79E2 /* Entities */,
				62FCC0FC283E623700BF79E2 /* UseCases */,
			);
			path = Domain;
			sourceTree = "<group>";
		};
		62FCC0FA283E621C00BF79E2 /* Data */ = {
			isa = PBXGroup;
			children = (
				62FCC10A283E6B1900BF79E2 /* Repositories */,
				62FCC0EE283E5BDF00BF79E2 /* Network */,
			);
			path = Data;
			sourceTree = "<group>";
		};
		62FCC0FC283E623700BF79E2 /* UseCases */ = {
			isa = PBXGroup;
			children = (
				62FCC104283E668000BF79E2 /* ExampleUseCase.swift */,
			);
			path = UseCases;
			sourceTree = "<group>";
		};
		62FCC0FD283E65EC00BF79E2 /* Coordinator */ = {
			isa = PBXGroup;
			children = (
				62FCC0FE283E660500BF79E2 /* MainCoordinator.swift */,
			);
			path = Coordinator;
			sourceTree = "<group>";
		};
		62FCC101283E663300BF79E2 /* Entities */ = {
			isa = PBXGroup;
			children = (
				62FCC102283E666200BF79E2 /* ExampleResponse.swift */,
			);
			path = Entities;
			sourceTree = "<group>";
		};
		62FCC106283E66C200BF79E2 /* Interfaces */ = {
			isa = PBXGroup;
			children = (
				62FCC107283E66D000BF79E2 /* Repositories */,
			);
			path = Interfaces;
			sourceTree = "<group>";
		};
		62FCC107283E66D000BF79E2 /* Repositories */ = {
			isa = PBXGroup;
			children = (
				62FCC108283E66DE00BF79E2 /* ExampleRepositoryInterface.swift */,
			);
			path = Repositories;
			sourceTree = "<group>";
		};
		62FCC10A283E6B1900BF79E2 /* Repositories */ = {
			isa = PBXGroup;
			children = (
				62FCC10B283E6B2C00BF79E2 /* ExampleRepository.swift */,
			);
			path = Repositories;
			sourceTree = "<group>";
		};
/* End PBXGroup section */

/* Begin PBXNativeTarget section */
		62CFEE1C283E574600E909AA /* homepoint */ = {
			isa = PBXNativeTarget;
			buildConfigurationList = 62CFEE31283E574A00E909AA /* Build configuration list for PBXNativeTarget "homepoint" */;
			buildPhases = (
				98595184C14FD31E77476CC5 /* [CP] Check Pods Manifest.lock */,
				62CFEE19283E574600E909AA /* Sources */,
				62CFEE1A283E574600E909AA /* Frameworks */,
				62CFEE1B283E574600E909AA /* Resources */,
				EE466B700E376FEE6880941A /* [CP] Embed Pods Frameworks */,
			);
			buildRules = (
			);
			dependencies = (
			);
			name = homepoint;
			productName = homepoint;
			productReference = 62CFEE1D283E574600E909AA /* homepoint.app */;
			productType = "com.apple.product-type.application";
		};
/* End PBXNativeTarget section */

/* Begin PBXProject section */
		62CFEE15283E574600E909AA /* Project object */ = {
			isa = PBXProject;
			attributes = {
				BuildIndependentTargetsInParallel = 1;
				LastSwiftUpdateCheck = 1310;
				LastUpgradeCheck = 1310;
				TargetAttributes = {
					62CFEE1C283E574600E909AA = {
						CreatedOnToolsVersion = 13.1;
					};
				};
			};
			buildConfigurationList = 62CFEE18283E574600E909AA /* Build configuration list for PBXProject "homepoint" */;
			compatibilityVersion = "Xcode 13.0";
			developmentRegion = en;
			hasScannedForEncodings = 0;
			knownRegions = (
				en,
				Base,
			);
			mainGroup = 62CFEE14283E574600E909AA;
			productRefGroup = 62CFEE1E283E574600E909AA /* Products */;
			projectDirPath = "";
			projectRoot = "";
			targets = (
				62CFEE1C283E574600E909AA /* homepoint */,
			);
		};
/* End PBXProject section */

/* Begin PBXResourcesBuildPhase section */
		62CFEE1B283E574600E909AA /* Resources */ = {
			isa = PBXResourcesBuildPhase;
			buildActionMask = 2147483647;
			files = (
				62FCC0E9283E5BA500BF79E2 /* ExampleTableViewCell.xib in Resources */,
				5370DFCB2848FE6500FD1ED5 /* Inter-ExtraLight.ttf in Resources */,
				5370DFCA2848FE6500FD1ED5 /* Inter-Black.ttf in Resources */,
				5370DFCF2848FE6500FD1ED5 /* Inter-ExtraBold.ttf in Resources */,
				5370DFCE2848FE6500FD1ED5 /* Inter-Bold.ttf in Resources */,
				5370DFCC2848FE6500FD1ED5 /* Inter-SemiBold.ttf in Resources */,
				6216E0862848ED4D0019747D /* LargeProductCardViewCell.xib in Resources */,
				62CFEE2D283E574A00E909AA /* LaunchScreen.storyboard in Resources */,
				5370DFD02848FE6500FD1ED5 /* Inter-Thin.ttf in Resources */,
				6216E0882848ED4D0019747D /* SmallProductCardViewCell.xib in Resources */,
				5370DFC92848FE6500FD1ED5 /* Inter-Medium.ttf in Resources */,
				62FCC0D7283E59CA00BF79E2 /* ViewController.xib in Resources */,
				62CFEE2A283E574A00E909AA /* Assets.xcassets in Resources */,
				62CA2D352847AEA200389230 /* ViewController2.xib in Resources */,
				5370DFCD2848FE6500FD1ED5 /* Inter-Light.ttf in Resources */,
				62759B82284A52AD00622184 /* SearchViewController.xib in Resources */,
				5370DFC82848FE6500FD1ED5 /* Inter-Regular.ttf in Resources */,
			);
			runOnlyForDeploymentPostprocessing = 0;
		};
/* End PBXResourcesBuildPhase section */

/* Begin PBXShellScriptBuildPhase section */
		98595184C14FD31E77476CC5 /* [CP] Check Pods Manifest.lock */ = {
			isa = PBXShellScriptBuildPhase;
			buildActionMask = 2147483647;
			files = (
			);
			inputFileListPaths = (
			);
			inputPaths = (
				"${PODS_PODFILE_DIR_PATH}/Podfile.lock",
				"${PODS_ROOT}/Manifest.lock",
			);
			name = "[CP] Check Pods Manifest.lock";
			outputFileListPaths = (
			);
			outputPaths = (
				"$(DERIVED_FILE_DIR)/Pods-homepoint-checkManifestLockResult.txt",
			);
			runOnlyForDeploymentPostprocessing = 0;
			shellPath = /bin/sh;
			shellScript = "diff \"${PODS_PODFILE_DIR_PATH}/Podfile.lock\" \"${PODS_ROOT}/Manifest.lock\" > /dev/null\nif [ $? != 0 ] ; then\n    # print error to STDERR\n    echo \"error: The sandbox is not in sync with the Podfile.lock. Run 'pod install' or update your CocoaPods installation.\" >&2\n    exit 1\nfi\n# This output is used by Xcode 'outputs' to avoid re-running this script phase.\necho \"SUCCESS\" > \"${SCRIPT_OUTPUT_FILE_0}\"\n";
			showEnvVarsInLog = 0;
		};
		EE466B700E376FEE6880941A /* [CP] Embed Pods Frameworks */ = {
			isa = PBXShellScriptBuildPhase;
			buildActionMask = 2147483647;
			files = (
			);
			inputFileListPaths = (
				"${PODS_ROOT}/Target Support Files/Pods-homepoint/Pods-homepoint-frameworks-${CONFIGURATION}-input-files.xcfilelist",
			);
			name = "[CP] Embed Pods Frameworks";
			outputFileListPaths = (
				"${PODS_ROOT}/Target Support Files/Pods-homepoint/Pods-homepoint-frameworks-${CONFIGURATION}-output-files.xcfilelist",
			);
			runOnlyForDeploymentPostprocessing = 0;
			shellPath = /bin/sh;
			shellScript = "\"${PODS_ROOT}/Target Support Files/Pods-homepoint/Pods-homepoint-frameworks.sh\"\n";
			showEnvVarsInLog = 0;
		};
/* End PBXShellScriptBuildPhase section */

/* Begin PBXSourcesBuildPhase section */
		62CFEE19283E574600E909AA /* Sources */ = {
			isa = PBXSourcesBuildPhase;
			buildActionMask = 2147483647;
			files = (
				6216E0872848ED4D0019747D /* LargeProductCardViewCell.swift in Sources */,
				6216E0852848ED4D0019747D /* SmallProductCardViewCell.swift in Sources */,
				62FCC0E3283E5B6C00BF79E2 /* String+Ext.swift in Sources */,
				62FCC0E1283E5B5400BF79E2 /* Constants.swift in Sources */,
				62FCC10C283E6B2C00BF79E2 /* ExampleRepository.swift in Sources */,
				6216E07B2848EC780019747D /* Color+Ext.swift in Sources */,
				62FCC0D6283E59CA00BF79E2 /* ViewController.swift in Sources */,
				626A1D1428465BE500B2DA8A /* UIView+Ext.swift in Sources */,
				62FCC0F0283E5BFA00BF79E2 /* ApiClient.swift in Sources */,
				62FCC105283E668000BF79E2 /* ExampleUseCase.swift in Sources */,
				62759B81284A52AD00622184 /* SearchViewController.swift in Sources */,
				62FCC0DB283E5AE600BF79E2 /* ExampleViewModel.swift in Sources */,
				62FCC109283E66DE00BF79E2 /* ExampleRepositoryInterface.swift in Sources */,
				62FCC103283E666200BF79E2 /* ExampleResponse.swift in Sources */,
				62A33F04284B5E0500D030F8 /* CustomSearchBar.swift in Sources */,
				62CA2D342847AEA200389230 /* ViewController2.swift in Sources */,
				6216E07A2848EC780019747D /* Font+Ext.swift in Sources */,
				62FCC0FF283E660500BF79E2 /* MainCoordinator.swift in Sources */,
				62FCC0E8283E5BA500BF79E2 /* ExampleTableViewCell.swift in Sources */,
				62CA2D312847989200389230 /* UIViewController+Ext.swift in Sources */,
				62CFEE21283E574600E909AA /* AppDelegate.swift in Sources */,
			);
			runOnlyForDeploymentPostprocessing = 0;
		};
/* End PBXSourcesBuildPhase section */

/* Begin PBXVariantGroup section */
		62CFEE2B283E574A00E909AA /* LaunchScreen.storyboard */ = {
			isa = PBXVariantGroup;
			children = (
				62CFEE2C283E574A00E909AA /* Base */,
			);
			name = LaunchScreen.storyboard;
			sourceTree = "<group>";
		};
/* End PBXVariantGroup section */

/* Begin XCBuildConfiguration section */
		62CFEE2F283E574A00E909AA /* Debug */ = {
			isa = XCBuildConfiguration;
			buildSettings = {
				ALWAYS_SEARCH_USER_PATHS = NO;
				CLANG_ANALYZER_NONNULL = YES;
				CLANG_ANALYZER_NUMBER_OBJECT_CONVERSION = YES_AGGRESSIVE;
				CLANG_CXX_LANGUAGE_STANDARD = "gnu++17";
				CLANG_CXX_LIBRARY = "libc++";
				CLANG_ENABLE_MODULES = YES;
				CLANG_ENABLE_OBJC_ARC = YES;
				CLANG_ENABLE_OBJC_WEAK = YES;
				CLANG_WARN_BLOCK_CAPTURE_AUTORELEASING = YES;
				CLANG_WARN_BOOL_CONVERSION = YES;
				CLANG_WARN_COMMA = YES;
				CLANG_WARN_CONSTANT_CONVERSION = YES;
				CLANG_WARN_DEPRECATED_OBJC_IMPLEMENTATIONS = YES;
				CLANG_WARN_DIRECT_OBJC_ISA_USAGE = YES_ERROR;
				CLANG_WARN_DOCUMENTATION_COMMENTS = YES;
				CLANG_WARN_EMPTY_BODY = YES;
				CLANG_WARN_ENUM_CONVERSION = YES;
				CLANG_WARN_INFINITE_RECURSION = YES;
				CLANG_WARN_INT_CONVERSION = YES;
				CLANG_WARN_NON_LITERAL_NULL_CONVERSION = YES;
				CLANG_WARN_OBJC_IMPLICIT_RETAIN_SELF = YES;
				CLANG_WARN_OBJC_LITERAL_CONVERSION = YES;
				CLANG_WARN_OBJC_ROOT_CLASS = YES_ERROR;
				CLANG_WARN_QUOTED_INCLUDE_IN_FRAMEWORK_HEADER = YES;
				CLANG_WARN_RANGE_LOOP_ANALYSIS = YES;
				CLANG_WARN_STRICT_PROTOTYPES = YES;
				CLANG_WARN_SUSPICIOUS_MOVE = YES;
				CLANG_WARN_UNGUARDED_AVAILABILITY = YES_AGGRESSIVE;
				CLANG_WARN_UNREACHABLE_CODE = YES;
				CLANG_WARN__DUPLICATE_METHOD_MATCH = YES;
				COPY_PHASE_STRIP = NO;
				DEBUG_INFORMATION_FORMAT = dwarf;
				ENABLE_STRICT_OBJC_MSGSEND = YES;
				ENABLE_TESTABILITY = YES;
				GCC_C_LANGUAGE_STANDARD = gnu11;
				GCC_DYNAMIC_NO_PIC = NO;
				GCC_NO_COMMON_BLOCKS = YES;
				GCC_OPTIMIZATION_LEVEL = 0;
				GCC_PREPROCESSOR_DEFINITIONS = (
					"DEBUG=1",
					"$(inherited)",
				);
				GCC_WARN_64_TO_32_BIT_CONVERSION = YES;
				GCC_WARN_ABOUT_RETURN_TYPE = YES_ERROR;
				GCC_WARN_UNDECLARED_SELECTOR = YES;
				GCC_WARN_UNINITIALIZED_AUTOS = YES_AGGRESSIVE;
				GCC_WARN_UNUSED_FUNCTION = YES;
				GCC_WARN_UNUSED_VARIABLE = YES;
				IPHONEOS_DEPLOYMENT_TARGET = 12.4;
				MTL_ENABLE_DEBUG_INFO = INCLUDE_SOURCE;
				MTL_FAST_MATH = YES;
				ONLY_ACTIVE_ARCH = YES;
				SDKROOT = iphoneos;
				SWIFT_ACTIVE_COMPILATION_CONDITIONS = DEBUG;
				SWIFT_OPTIMIZATION_LEVEL = "-Onone";
			};
			name = Debug;
		};
		62CFEE30283E574A00E909AA /* Release */ = {
			isa = XCBuildConfiguration;
			buildSettings = {
				ALWAYS_SEARCH_USER_PATHS = NO;
				CLANG_ANALYZER_NONNULL = YES;
				CLANG_ANALYZER_NUMBER_OBJECT_CONVERSION = YES_AGGRESSIVE;
				CLANG_CXX_LANGUAGE_STANDARD = "gnu++17";
				CLANG_CXX_LIBRARY = "libc++";
				CLANG_ENABLE_MODULES = YES;
				CLANG_ENABLE_OBJC_ARC = YES;
				CLANG_ENABLE_OBJC_WEAK = YES;
				CLANG_WARN_BLOCK_CAPTURE_AUTORELEASING = YES;
				CLANG_WARN_BOOL_CONVERSION = YES;
				CLANG_WARN_COMMA = YES;
				CLANG_WARN_CONSTANT_CONVERSION = YES;
				CLANG_WARN_DEPRECATED_OBJC_IMPLEMENTATIONS = YES;
				CLANG_WARN_DIRECT_OBJC_ISA_USAGE = YES_ERROR;
				CLANG_WARN_DOCUMENTATION_COMMENTS = YES;
				CLANG_WARN_EMPTY_BODY = YES;
				CLANG_WARN_ENUM_CONVERSION = YES;
				CLANG_WARN_INFINITE_RECURSION = YES;
				CLANG_WARN_INT_CONVERSION = YES;
				CLANG_WARN_NON_LITERAL_NULL_CONVERSION = YES;
				CLANG_WARN_OBJC_IMPLICIT_RETAIN_SELF = YES;
				CLANG_WARN_OBJC_LITERAL_CONVERSION = YES;
				CLANG_WARN_OBJC_ROOT_CLASS = YES_ERROR;
				CLANG_WARN_QUOTED_INCLUDE_IN_FRAMEWORK_HEADER = YES;
				CLANG_WARN_RANGE_LOOP_ANALYSIS = YES;
				CLANG_WARN_STRICT_PROTOTYPES = YES;
				CLANG_WARN_SUSPICIOUS_MOVE = YES;
				CLANG_WARN_UNGUARDED_AVAILABILITY = YES_AGGRESSIVE;
				CLANG_WARN_UNREACHABLE_CODE = YES;
				CLANG_WARN__DUPLICATE_METHOD_MATCH = YES;
				COPY_PHASE_STRIP = NO;
				DEBUG_INFORMATION_FORMAT = "dwarf-with-dsym";
				ENABLE_NS_ASSERTIONS = NO;
				ENABLE_STRICT_OBJC_MSGSEND = YES;
				GCC_C_LANGUAGE_STANDARD = gnu11;
				GCC_NO_COMMON_BLOCKS = YES;
				GCC_WARN_64_TO_32_BIT_CONVERSION = YES;
				GCC_WARN_ABOUT_RETURN_TYPE = YES_ERROR;
				GCC_WARN_UNDECLARED_SELECTOR = YES;
				GCC_WARN_UNINITIALIZED_AUTOS = YES_AGGRESSIVE;
				GCC_WARN_UNUSED_FUNCTION = YES;
				GCC_WARN_UNUSED_VARIABLE = YES;
				IPHONEOS_DEPLOYMENT_TARGET = 12.4;
				MTL_ENABLE_DEBUG_INFO = NO;
				MTL_FAST_MATH = YES;
				SDKROOT = iphoneos;
				SWIFT_COMPILATION_MODE = wholemodule;
				SWIFT_OPTIMIZATION_LEVEL = "-O";
				VALIDATE_PRODUCT = YES;
			};
			name = Release;
		};
		62CFEE32283E574A00E909AA /* Debug */ = {
			isa = XCBuildConfiguration;
			baseConfigurationReference = 71B8233A6E5C61E2779F9BAE /* Pods-homepoint.debug.xcconfig */;
			buildSettings = {
				ASSETCATALOG_COMPILER_APPICON_NAME = AppIcon;
				ASSETCATALOG_COMPILER_GLOBAL_ACCENT_COLOR_NAME = AccentColor;
				CODE_SIGN_STYLE = Automatic;
				CURRENT_PROJECT_VERSION = 1;
				DEVELOPMENT_TEAM = 4YDCQLJY46;
				GENERATE_INFOPLIST_FILE = YES;
				INFOPLIST_FILE = homepoint/Info.plist;
				INFOPLIST_KEY_UIApplicationSupportsIndirectInputEvents = YES;
				INFOPLIST_KEY_UILaunchStoryboardName = LaunchScreen;
				INFOPLIST_KEY_UISupportedInterfaceOrientations_iPad = "UIInterfaceOrientationPortrait UIInterfaceOrientationPortraitUpsideDown UIInterfaceOrientationLandscapeLeft UIInterfaceOrientationLandscapeRight";
				INFOPLIST_KEY_UISupportedInterfaceOrientations_iPhone = "UIInterfaceOrientationPortrait UIInterfaceOrientationLandscapeLeft UIInterfaceOrientationLandscapeRight";
				IPHONEOS_DEPLOYMENT_TARGET = 12.4;
				LD_RUNPATH_SEARCH_PATHS = (
					"$(inherited)",
					"@executable_path/Frameworks",
				);
				MARKETING_VERSION = 1.0;
				PRODUCT_BUNDLE_IDENTIFIER = com.sendo.homepoint;
				PRODUCT_NAME = "$(TARGET_NAME)";
				SWIFT_EMIT_LOC_STRINGS = YES;
				SWIFT_VERSION = 5.0;
				TARGETED_DEVICE_FAMILY = 1;
			};
			name = Debug;
		};
		62CFEE33283E574A00E909AA /* Release */ = {
			isa = XCBuildConfiguration;
			baseConfigurationReference = 34D91DF7C9A9C7D91F2D44A3 /* Pods-homepoint.release.xcconfig */;
			buildSettings = {
				ASSETCATALOG_COMPILER_APPICON_NAME = AppIcon;
				ASSETCATALOG_COMPILER_GLOBAL_ACCENT_COLOR_NAME = AccentColor;
				CODE_SIGN_STYLE = Automatic;
				CURRENT_PROJECT_VERSION = 1;
				DEVELOPMENT_TEAM = 4YDCQLJY46;
				GENERATE_INFOPLIST_FILE = YES;
				INFOPLIST_FILE = homepoint/Info.plist;
				INFOPLIST_KEY_UIApplicationSupportsIndirectInputEvents = YES;
				INFOPLIST_KEY_UILaunchStoryboardName = LaunchScreen;
				INFOPLIST_KEY_UISupportedInterfaceOrientations_iPad = "UIInterfaceOrientationPortrait UIInterfaceOrientationPortraitUpsideDown UIInterfaceOrientationLandscapeLeft UIInterfaceOrientationLandscapeRight";
				INFOPLIST_KEY_UISupportedInterfaceOrientations_iPhone = "UIInterfaceOrientationPortrait UIInterfaceOrientationLandscapeLeft UIInterfaceOrientationLandscapeRight";
				IPHONEOS_DEPLOYMENT_TARGET = 12.4;
				LD_RUNPATH_SEARCH_PATHS = (
					"$(inherited)",
					"@executable_path/Frameworks",
				);
				MARKETING_VERSION = 1.0;
				PRODUCT_BUNDLE_IDENTIFIER = com.sendo.homepoint;
				PRODUCT_NAME = "$(TARGET_NAME)";
				SWIFT_EMIT_LOC_STRINGS = YES;
				SWIFT_VERSION = 5.0;
				TARGETED_DEVICE_FAMILY = 1;
			};
			name = Release;
		};
/* End XCBuildConfiguration section */

/* Begin XCConfigurationList section */
		62CFEE18283E574600E909AA /* Build configuration list for PBXProject "homepoint" */ = {
			isa = XCConfigurationList;
			buildConfigurations = (
				62CFEE2F283E574A00E909AA /* Debug */,
				62CFEE30283E574A00E909AA /* Release */,
			);
			defaultConfigurationIsVisible = 0;
			defaultConfigurationName = Release;
		};
		62CFEE31283E574A00E909AA /* Build configuration list for PBXNativeTarget "homepoint" */ = {
			isa = XCConfigurationList;
			buildConfigurations = (
				62CFEE32283E574A00E909AA /* Debug */,
				62CFEE33283E574A00E909AA /* Release */,
			);
			defaultConfigurationIsVisible = 0;
			defaultConfigurationName = Release;
		};
/* End XCConfigurationList section */
	};
	rootObject = 62CFEE15283E574600E909AA /* Project object */;
}
