// !$*UTF8*$!
{
	archiveVersion = 1;
	classes = {
	};
	objectVersion = 55;
	objects = {

/* Begin PBXBuildFile section */
		0CCF3771BED121A006E5D51E /* Pods_homepoint.framework in Frameworks */ = {isa = PBXBuildFile; fileRef = CB0E8809F628FAD52737A563 /* Pods_homepoint.framework */; };
		5370DFC82848FE6500FD1ED5 /* Inter-Regular.ttf in Resources */ = {isa = PBXBuildFile; fileRef = 5370DFBF2848FE6500FD1ED5 /* Inter-Regular.ttf */; };
		5370DFC92848FE6500FD1ED5 /* Inter-Medium.ttf in Resources */ = {isa = PBXBuildFile; fileRef = 5370DFC02848FE6500FD1ED5 /* Inter-Medium.ttf */; };
		5370DFCA2848FE6500FD1ED5 /* Inter-Black.ttf in Resources */ = {isa = PBXBuildFile; fileRef = 5370DFC12848FE6500FD1ED5 /* Inter-Black.ttf */; };
		5370DFCB2848FE6500FD1ED5 /* Inter-ExtraLight.ttf in Resources */ = {isa = PBXBuildFile; fileRef = 5370DFC22848FE6500FD1ED5 /* Inter-ExtraLight.ttf */; };
		5370DFCC2848FE6500FD1ED5 /* Inter-SemiBold.ttf in Resources */ = {isa = PBXBuildFile; fileRef = 5370DFC32848FE6500FD1ED5 /* Inter-SemiBold.ttf */; };
		5370DFCD2848FE6500FD1ED5 /* Inter-Light.ttf in Resources */ = {isa = PBXBuildFile; fileRef = 5370DFC42848FE6500FD1ED5 /* Inter-Light.ttf */; };
		5370DFCE2848FE6500FD1ED5 /* Inter-Bold.ttf in Resources */ = {isa = PBXBuildFile; fileRef = 5370DFC52848FE6500FD1ED5 /* Inter-Bold.ttf */; };
		5370DFCF2848FE6500FD1ED5 /* Inter-ExtraBold.ttf in Resources */ = {isa = PBXBuildFile; fileRef = 5370DFC62848FE6500FD1ED5 /* Inter-ExtraBold.ttf */; };
		5370DFD02848FE6500FD1ED5 /* Inter-Thin.ttf in Resources */ = {isa = PBXBuildFile; fileRef = 5370DFC72848FE6500FD1ED5 /* Inter-Thin.ttf */; };
		5370DFD728490EC800FD1ED5 /* HomeViewController.swift in Sources */ = {isa = PBXBuildFile; fileRef = 5370DFD528490EC800FD1ED5 /* HomeViewController.swift */; };
		5370DFD828490EC800FD1ED5 /* HomeViewController.xib in Resources */ = {isa = PBXBuildFile; fileRef = 5370DFD628490EC800FD1ED5 /* HomeViewController.xib */; };
		53D772FA2849FBF2008F2912 /* MenuViewCell.swift in Sources */ = {isa = PBXBuildFile; fileRef = 53D772F82849FBF2008F2912 /* MenuViewCell.swift */; };
		53D772FB2849FBF2008F2912 /* MenuViewCell.xib in Resources */ = {isa = PBXBuildFile; fileRef = 53D772F92849FBF2008F2912 /* MenuViewCell.xib */; };
		53D773022849FC87008F2912 /* BannerViewCell.swift in Sources */ = {isa = PBXBuildFile; fileRef = 53D773002849FC87008F2912 /* BannerViewCell.swift */; };
		53D773032849FC87008F2912 /* BannerViewCell.xib in Resources */ = {isa = PBXBuildFile; fileRef = 53D773012849FC87008F2912 /* BannerViewCell.xib */; };
		53D7730A2849FCEE008F2912 /* BestOfferViewCell.swift in Sources */ = {isa = PBXBuildFile; fileRef = 53D773082849FCEE008F2912 /* BestOfferViewCell.swift */; };
		53D7730B2849FCEE008F2912 /* BestOfferViewCell.xib in Resources */ = {isa = PBXBuildFile; fileRef = 53D773092849FCEE008F2912 /* BestOfferViewCell.xib */; };
		53D77329284A419E008F2912 /* WeeksViewCell.swift in Sources */ = {isa = PBXBuildFile; fileRef = 53D77327284A419E008F2912 /* WeeksViewCell.swift */; };
		53D7732A284A419E008F2912 /* WeeksViewCell.xib in Resources */ = {isa = PBXBuildFile; fileRef = 53D77328284A419E008F2912 /* WeeksViewCell.xib */; };
		53D7732D284A41B9008F2912 /* MenuItemViewCell.swift in Sources */ = {isa = PBXBuildFile; fileRef = 53D7732B284A41B9008F2912 /* MenuItemViewCell.swift */; };
		53D7732E284A41B9008F2912 /* MenuItemViewCell.xib in Resources */ = {isa = PBXBuildFile; fileRef = 53D7732C284A41B9008F2912 /* MenuItemViewCell.xib */; };
		53D77331284A41CC008F2912 /* WeeksItemViewCell.swift in Sources */ = {isa = PBXBuildFile; fileRef = 53D7732F284A41CC008F2912 /* WeeksItemViewCell.swift */; };
		53D77332284A41CC008F2912 /* WeeksItemViewCell.xib in Resources */ = {isa = PBXBuildFile; fileRef = 53D77330284A41CC008F2912 /* WeeksItemViewCell.xib */; };
		53D77335284A41DD008F2912 /* BestOfferItemViewCell.swift in Sources */ = {isa = PBXBuildFile; fileRef = 53D77333284A41DD008F2912 /* BestOfferItemViewCell.swift */; };
		53D77336284A41DD008F2912 /* BestOfferItemViewCell.xib in Resources */ = {isa = PBXBuildFile; fileRef = 53D77334284A41DD008F2912 /* BestOfferItemViewCell.xib */; };
		53D77339284A4225008F2912 /* RecommendationItemViewCell.swift in Sources */ = {isa = PBXBuildFile; fileRef = 53D77337284A4225008F2912 /* RecommendationItemViewCell.swift */; };
		53D7733A284A4225008F2912 /* RecommendationItemViewCell.xib in Resources */ = {isa = PBXBuildFile; fileRef = 53D77338284A4225008F2912 /* RecommendationItemViewCell.xib */; };
		53D7733D284A423D008F2912 /* RecommendationViewCell.swift in Sources */ = {isa = PBXBuildFile; fileRef = 53D7733B284A423D008F2912 /* RecommendationViewCell.swift */; };
		53D7733E284A423D008F2912 /* RecommendationViewCell.xib in Resources */ = {isa = PBXBuildFile; fileRef = 53D7733C284A423D008F2912 /* RecommendationViewCell.xib */; };
		6216E07A2848EC780019747D /* Font+Ext.swift in Sources */ = {isa = PBXBuildFile; fileRef = 6216E0782848EC780019747D /* Font+Ext.swift */; };
		6216E07B2848EC780019747D /* Color+Ext.swift in Sources */ = {isa = PBXBuildFile; fileRef = 6216E0792848EC780019747D /* Color+Ext.swift */; };
		6216E0852848ED4D0019747D /* SmallProductCardViewCell.swift in Sources */ = {isa = PBXBuildFile; fileRef = 6216E0812848ED4D0019747D /* SmallProductCardViewCell.swift */; };
		6216E0862848ED4D0019747D /* LargeProductCardViewCell.xib in Resources */ = {isa = PBXBuildFile; fileRef = 6216E0822848ED4D0019747D /* LargeProductCardViewCell.xib */; };
		6216E0872848ED4D0019747D /* LargeProductCardViewCell.swift in Sources */ = {isa = PBXBuildFile; fileRef = 6216E0832848ED4D0019747D /* LargeProductCardViewCell.swift */; };
		6216E0882848ED4D0019747D /* SmallProductCardViewCell.xib in Resources */ = {isa = PBXBuildFile; fileRef = 6216E0842848ED4D0019747D /* SmallProductCardViewCell.xib */; };
		626A1D1428465BE500B2DA8A /* UIView+Ext.swift in Sources */ = {isa = PBXBuildFile; fileRef = 626A1D1328465BE500B2DA8A /* UIView+Ext.swift */; };
		626F283A2850DC9600677122 /* CustomTabBarController.swift in Sources */ = {isa = PBXBuildFile; fileRef = 626F28392850DC9600677122 /* CustomTabBarController.swift */; };
		62759B81284A52AD00622184 /* SearchViewController.swift in Sources */ = {isa = PBXBuildFile; fileRef = 62759B7F284A52AD00622184 /* SearchViewController.swift */; };
		62759B82284A52AD00622184 /* SearchViewController.xib in Resources */ = {isa = PBXBuildFile; fileRef = 62759B80284A52AD00622184 /* SearchViewController.xib */; };
		627A3901284CCE3B002ADC6B /* OrderListViewController.swift in Sources */ = {isa = PBXBuildFile; fileRef = 627A38FF284CCE3B002ADC6B /* OrderListViewController.swift */; };
		627A3902284CCE3B002ADC6B /* OrderListViewController.xib in Resources */ = {isa = PBXBuildFile; fileRef = 627A3900284CCE3B002ADC6B /* OrderListViewController.xib */; };
		627A3907284CCFE8002ADC6B /* OrderListViewCell.swift in Sources */ = {isa = PBXBuildFile; fileRef = 627A3905284CCFE8002ADC6B /* OrderListViewCell.swift */; };
		627A3908284CCFE8002ADC6B /* OrderListViewCell.xib in Resources */ = {isa = PBXBuildFile; fileRef = 627A3906284CCFE8002ADC6B /* OrderListViewCell.xib */; };
		627A390B284CD028002ADC6B /* OrderFilterViewCell.swift in Sources */ = {isa = PBXBuildFile; fileRef = 627A3909284CD028002ADC6B /* OrderFilterViewCell.swift */; };
		627A390C284CD028002ADC6B /* OrderFilterViewCell.xib in Resources */ = {isa = PBXBuildFile; fileRef = 627A390A284CD028002ADC6B /* OrderFilterViewCell.xib */; };
		627A3910284CD892002ADC6B /* OrderFilterItemViewCell.swift in Sources */ = {isa = PBXBuildFile; fileRef = 627A390E284CD892002ADC6B /* OrderFilterItemViewCell.swift */; };
		627A3911284CD892002ADC6B /* OrderFilterItemViewCell.xib in Resources */ = {isa = PBXBuildFile; fileRef = 627A390F284CD892002ADC6B /* OrderFilterItemViewCell.xib */; };
		62A33F04284B5E0500D030F8 /* CustomNavigationBar.swift in Sources */ = {isa = PBXBuildFile; fileRef = 62A33F03284B5E0500D030F8 /* CustomNavigationBar.swift */; };
		62CA2D312847989200389230 /* UIViewController+Ext.swift in Sources */ = {isa = PBXBuildFile; fileRef = 62CA2D302847989200389230 /* UIViewController+Ext.swift */; };
		62CA2D342847AEA200389230 /* ViewController2.swift in Sources */ = {isa = PBXBuildFile; fileRef = 62CA2D322847AEA200389230 /* ViewController2.swift */; };
		62CA2D352847AEA200389230 /* ViewController2.xib in Resources */ = {isa = PBXBuildFile; fileRef = 62CA2D332847AEA200389230 /* ViewController2.xib */; };
		62CBAA64284F405300BD5EAC /* CustomSegmentedControl.swift in Sources */ = {isa = PBXBuildFile; fileRef = 62CBAA63284F405300BD5EAC /* CustomSegmentedControl.swift */; };
		62CBAA6A284F437C00BD5EAC /* HistoryViewController.swift in Sources */ = {isa = PBXBuildFile; fileRef = 62CBAA68284F437C00BD5EAC /* HistoryViewController.swift */; };
		62CBAA6B284F437C00BD5EAC /* HistoryViewController.xib in Resources */ = {isa = PBXBuildFile; fileRef = 62CBAA69284F437C00BD5EAC /* HistoryViewController.xib */; };
		62CBAA6D284F4FFC00BD5EAC /* Utils.swift in Sources */ = {isa = PBXBuildFile; fileRef = 62CBAA6C284F4FFC00BD5EAC /* Utils.swift */; };
		62CBAA70284F57A900BD5EAC /* OrderListItemCellModel.swift in Sources */ = {isa = PBXBuildFile; fileRef = 62CBAA6F284F57A900BD5EAC /* OrderListItemCellModel.swift */; };
		62CBAA72284F57CE00BD5EAC /* OrderFilterItemCellModel.swift in Sources */ = {isa = PBXBuildFile; fileRef = 62CBAA71284F57CE00BD5EAC /* OrderFilterItemCellModel.swift */; };
		62CFEE21283E574600E909AA /* AppDelegate.swift in Sources */ = {isa = PBXBuildFile; fileRef = 62CFEE20283E574600E909AA /* AppDelegate.swift */; };
		62CFEE2A283E574A00E909AA /* Assets.xcassets in Resources */ = {isa = PBXBuildFile; fileRef = 62CFEE29283E574A00E909AA /* Assets.xcassets */; };
		62CFEE2D283E574A00E909AA /* LaunchScreen.storyboard in Resources */ = {isa = PBXBuildFile; fileRef = 62CFEE2B283E574A00E909AA /* LaunchScreen.storyboard */; };
		62FCC0D6283E59CA00BF79E2 /* ViewController.swift in Sources */ = {isa = PBXBuildFile; fileRef = 62FCC0D4283E59CA00BF79E2 /* ViewController.swift */; };
		62FCC0D7283E59CA00BF79E2 /* ViewController.xib in Resources */ = {isa = PBXBuildFile; fileRef = 62FCC0D5283E59CA00BF79E2 /* ViewController.xib */; };
		62FCC0DB283E5AE600BF79E2 /* ExampleViewModel.swift in Sources */ = {isa = PBXBuildFile; fileRef = 62FCC0DA283E5AE600BF79E2 /* ExampleViewModel.swift */; };
		62FCC0E1283E5B5400BF79E2 /* Constants.swift in Sources */ = {isa = PBXBuildFile; fileRef = 62FCC0E0283E5B5400BF79E2 /* Constants.swift */; };
		62FCC0E3283E5B6C00BF79E2 /* String+Ext.swift in Sources */ = {isa = PBXBuildFile; fileRef = 62FCC0E2283E5B6C00BF79E2 /* String+Ext.swift */; };
		62FCC0E8283E5BA500BF79E2 /* ExampleTableViewCell.swift in Sources */ = {isa = PBXBuildFile; fileRef = 62FCC0E6283E5BA500BF79E2 /* ExampleTableViewCell.swift */; };
		62FCC0E9283E5BA500BF79E2 /* ExampleTableViewCell.xib in Resources */ = {isa = PBXBuildFile; fileRef = 62FCC0E7283E5BA500BF79E2 /* ExampleTableViewCell.xib */; };
		62FCC0F0283E5BFA00BF79E2 /* ApiClient.swift in Sources */ = {isa = PBXBuildFile; fileRef = 62FCC0EF283E5BFA00BF79E2 /* ApiClient.swift */; };
		62FCC0FF283E660500BF79E2 /* MainCoordinator.swift in Sources */ = {isa = PBXBuildFile; fileRef = 62FCC0FE283E660500BF79E2 /* MainCoordinator.swift */; };
		62FCC103283E666200BF79E2 /* ExampleResponse.swift in Sources */ = {isa = PBXBuildFile; fileRef = 62FCC102283E666200BF79E2 /* ExampleResponse.swift */; };
		62FCC105283E668000BF79E2 /* ExampleUseCase.swift in Sources */ = {isa = PBXBuildFile; fileRef = 62FCC104283E668000BF79E2 /* ExampleUseCase.swift */; };
		62FCC109283E66DE00BF79E2 /* ExampleRepositoryInterface.swift in Sources */ = {isa = PBXBuildFile; fileRef = 62FCC108283E66DE00BF79E2 /* ExampleRepositoryInterface.swift */; };
		62FCC10C283E6B2C00BF79E2 /* ExampleRepository.swift in Sources */ = {isa = PBXBuildFile; fileRef = 62FCC10B283E6B2C00BF79E2 /* ExampleRepository.swift */; };
		8BAB4B4F966DD6349029E2F1 /* Pods_homepoint.framework in Frameworks */ = {isa = PBXBuildFile; fileRef = 917D9AE6C7ECA095AA9F8E72 /* Pods_homepoint.framework */; };
		D10CB4EB284F9D5F00F675B2 /* ForgetPassViewController.swift in Sources */ = {isa = PBXBuildFile; fileRef = D10CB4E9284F9D5F00F675B2 /* ForgetPassViewController.swift */; };
		D10CB4EC284F9D5F00F675B2 /* ForgetPassViewController.xib in Resources */ = {isa = PBXBuildFile; fileRef = D10CB4EA284F9D5F00F675B2 /* ForgetPassViewController.xib */; };
		D10CB4EF284F9DB500F675B2 /* LoginViewController.swift in Sources */ = {isa = PBXBuildFile; fileRef = D10CB4ED284F9DB500F675B2 /* LoginViewController.swift */; };
		D10CB4F0284F9DB500F675B2 /* LoginViewController.xib in Resources */ = {isa = PBXBuildFile; fileRef = D10CB4EE284F9DB500F675B2 /* LoginViewController.xib */; };
		D11876ED285792BE001351B4 /* RegisterViewController.swift in Sources */ = {isa = PBXBuildFile; fileRef = D11876EB285792BE001351B4 /* RegisterViewController.swift */; };
		D11876EE285792BE001351B4 /* RegisterViewController.xib in Resources */ = {isa = PBXBuildFile; fileRef = D11876EC285792BE001351B4 /* RegisterViewController.xib */; };
		D1F1ED572858D26300A556EB /* LastForgetPassViewController.swift in Sources */ = {isa = PBXBuildFile; fileRef = D1F1ED552858D26300A556EB /* LastForgetPassViewController.swift */; };
		D1F1ED582858D26300A556EB /* LastForgetPassViewController.xib in Resources */ = {isa = PBXBuildFile; fileRef = D1F1ED562858D26300A556EB /* LastForgetPassViewController.xib */; };
/* End PBXBuildFile section */

/* Begin PBXFileReference section */
		5370DFBF2848FE6500FD1ED5 /* Inter-Regular.ttf */ = {isa = PBXFileReference; lastKnownFileType = file; path = "Inter-Regular.ttf"; sourceTree = "<group>"; };
		5370DFC02848FE6500FD1ED5 /* Inter-Medium.ttf */ = {isa = PBXFileReference; lastKnownFileType = file; path = "Inter-Medium.ttf"; sourceTree = "<group>"; };
		5370DFC12848FE6500FD1ED5 /* Inter-Black.ttf */ = {isa = PBXFileReference; lastKnownFileType = file; path = "Inter-Black.ttf"; sourceTree = "<group>"; };
		5370DFC22848FE6500FD1ED5 /* Inter-ExtraLight.ttf */ = {isa = PBXFileReference; lastKnownFileType = file; path = "Inter-ExtraLight.ttf"; sourceTree = "<group>"; };
		5370DFC32848FE6500FD1ED5 /* Inter-SemiBold.ttf */ = {isa = PBXFileReference; lastKnownFileType = file; path = "Inter-SemiBold.ttf"; sourceTree = "<group>"; };
		5370DFC42848FE6500FD1ED5 /* Inter-Light.ttf */ = {isa = PBXFileReference; lastKnownFileType = file; path = "Inter-Light.ttf"; sourceTree = "<group>"; };
		5370DFC52848FE6500FD1ED5 /* Inter-Bold.ttf */ = {isa = PBXFileReference; lastKnownFileType = file; path = "Inter-Bold.ttf"; sourceTree = "<group>"; };
		5370DFC62848FE6500FD1ED5 /* Inter-ExtraBold.ttf */ = {isa = PBXFileReference; lastKnownFileType = file; path = "Inter-ExtraBold.ttf"; sourceTree = "<group>"; };
		5370DFC72848FE6500FD1ED5 /* Inter-Thin.ttf */ = {isa = PBXFileReference; lastKnownFileType = file; path = "Inter-Thin.ttf"; sourceTree = "<group>"; };
		5370DFD528490EC800FD1ED5 /* HomeViewController.swift */ = {isa = PBXFileReference; lastKnownFileType = sourcecode.swift; path = HomeViewController.swift; sourceTree = "<group>"; };
		5370DFD628490EC800FD1ED5 /* HomeViewController.xib */ = {isa = PBXFileReference; lastKnownFileType = file.xib; path = HomeViewController.xib; sourceTree = "<group>"; };
		53D772F82849FBF2008F2912 /* MenuViewCell.swift */ = {isa = PBXFileReference; lastKnownFileType = sourcecode.swift; path = MenuViewCell.swift; sourceTree = "<group>"; };
		53D772F92849FBF2008F2912 /* MenuViewCell.xib */ = {isa = PBXFileReference; lastKnownFileType = file.xib; path = MenuViewCell.xib; sourceTree = "<group>"; };
		53D773002849FC87008F2912 /* BannerViewCell.swift */ = {isa = PBXFileReference; lastKnownFileType = sourcecode.swift; path = BannerViewCell.swift; sourceTree = "<group>"; };
		53D773012849FC87008F2912 /* BannerViewCell.xib */ = {isa = PBXFileReference; lastKnownFileType = file.xib; path = BannerViewCell.xib; sourceTree = "<group>"; };
		53D773082849FCEE008F2912 /* BestOfferViewCell.swift */ = {isa = PBXFileReference; lastKnownFileType = sourcecode.swift; path = BestOfferViewCell.swift; sourceTree = "<group>"; };
		53D773092849FCEE008F2912 /* BestOfferViewCell.xib */ = {isa = PBXFileReference; lastKnownFileType = file.xib; path = BestOfferViewCell.xib; sourceTree = "<group>"; };
		53D77327284A419E008F2912 /* WeeksViewCell.swift */ = {isa = PBXFileReference; lastKnownFileType = sourcecode.swift; path = WeeksViewCell.swift; sourceTree = "<group>"; };
		53D77328284A419E008F2912 /* WeeksViewCell.xib */ = {isa = PBXFileReference; lastKnownFileType = file.xib; path = WeeksViewCell.xib; sourceTree = "<group>"; };
		53D7732B284A41B9008F2912 /* MenuItemViewCell.swift */ = {isa = PBXFileReference; lastKnownFileType = sourcecode.swift; path = MenuItemViewCell.swift; sourceTree = "<group>"; };
		53D7732C284A41B9008F2912 /* MenuItemViewCell.xib */ = {isa = PBXFileReference; lastKnownFileType = file.xib; path = MenuItemViewCell.xib; sourceTree = "<group>"; };
		53D7732F284A41CC008F2912 /* WeeksItemViewCell.swift */ = {isa = PBXFileReference; lastKnownFileType = sourcecode.swift; path = WeeksItemViewCell.swift; sourceTree = "<group>"; };
		53D77330284A41CC008F2912 /* WeeksItemViewCell.xib */ = {isa = PBXFileReference; lastKnownFileType = file.xib; path = WeeksItemViewCell.xib; sourceTree = "<group>"; };
		53D77333284A41DD008F2912 /* BestOfferItemViewCell.swift */ = {isa = PBXFileReference; lastKnownFileType = sourcecode.swift; path = BestOfferItemViewCell.swift; sourceTree = "<group>"; };
		53D77334284A41DD008F2912 /* BestOfferItemViewCell.xib */ = {isa = PBXFileReference; lastKnownFileType = file.xib; path = BestOfferItemViewCell.xib; sourceTree = "<group>"; };
		53D77337284A4225008F2912 /* RecommendationItemViewCell.swift */ = {isa = PBXFileReference; lastKnownFileType = sourcecode.swift; path = RecommendationItemViewCell.swift; sourceTree = "<group>"; };
		53D77338284A4225008F2912 /* RecommendationItemViewCell.xib */ = {isa = PBXFileReference; lastKnownFileType = file.xib; path = RecommendationItemViewCell.xib; sourceTree = "<group>"; };
		53D7733B284A423D008F2912 /* RecommendationViewCell.swift */ = {isa = PBXFileReference; lastKnownFileType = sourcecode.swift; path = RecommendationViewCell.swift; sourceTree = "<group>"; };
		53D7733C284A423D008F2912 /* RecommendationViewCell.xib */ = {isa = PBXFileReference; lastKnownFileType = file.xib; path = RecommendationViewCell.xib; sourceTree = "<group>"; };
		6216E0782848EC780019747D /* Font+Ext.swift */ = {isa = PBXFileReference; fileEncoding = 4; lastKnownFileType = sourcecode.swift; path = "Font+Ext.swift"; sourceTree = "<group>"; };
		6216E0792848EC780019747D /* Color+Ext.swift */ = {isa = PBXFileReference; fileEncoding = 4; lastKnownFileType = sourcecode.swift; path = "Color+Ext.swift"; sourceTree = "<group>"; };
		6216E0812848ED4D0019747D /* SmallProductCardViewCell.swift */ = {isa = PBXFileReference; fileEncoding = 4; lastKnownFileType = sourcecode.swift; path = SmallProductCardViewCell.swift; sourceTree = "<group>"; };
		6216E0822848ED4D0019747D /* LargeProductCardViewCell.xib */ = {isa = PBXFileReference; fileEncoding = 4; lastKnownFileType = file.xib; path = LargeProductCardViewCell.xib; sourceTree = "<group>"; };
		6216E0832848ED4D0019747D /* LargeProductCardViewCell.swift */ = {isa = PBXFileReference; fileEncoding = 4; lastKnownFileType = sourcecode.swift; path = LargeProductCardViewCell.swift; sourceTree = "<group>"; };
		6216E0842848ED4D0019747D /* SmallProductCardViewCell.xib */ = {isa = PBXFileReference; fileEncoding = 4; lastKnownFileType = file.xib; path = SmallProductCardViewCell.xib; sourceTree = "<group>"; };
		626A1D1328465BE500B2DA8A /* UIView+Ext.swift */ = {isa = PBXFileReference; lastKnownFileType = sourcecode.swift; path = "UIView+Ext.swift"; sourceTree = "<group>"; };
		626F28392850DC9600677122 /* CustomTabBarController.swift */ = {isa = PBXFileReference; fileEncoding = 4; lastKnownFileType = sourcecode.swift; path = CustomTabBarController.swift; sourceTree = "<group>"; };
		62759B7F284A52AD00622184 /* SearchViewController.swift */ = {isa = PBXFileReference; lastKnownFileType = sourcecode.swift; path = SearchViewController.swift; sourceTree = "<group>"; };
		62759B80284A52AD00622184 /* SearchViewController.xib */ = {isa = PBXFileReference; lastKnownFileType = file.xib; path = SearchViewController.xib; sourceTree = "<group>"; };
		627A38FF284CCE3B002ADC6B /* OrderListViewController.swift */ = {isa = PBXFileReference; lastKnownFileType = sourcecode.swift; path = OrderListViewController.swift; sourceTree = "<group>"; };
		627A3900284CCE3B002ADC6B /* OrderListViewController.xib */ = {isa = PBXFileReference; lastKnownFileType = file.xib; path = OrderListViewController.xib; sourceTree = "<group>"; };
		627A3905284CCFE8002ADC6B /* OrderListViewCell.swift */ = {isa = PBXFileReference; lastKnownFileType = sourcecode.swift; path = OrderListViewCell.swift; sourceTree = "<group>"; };
		627A3906284CCFE8002ADC6B /* OrderListViewCell.xib */ = {isa = PBXFileReference; lastKnownFileType = file.xib; path = OrderListViewCell.xib; sourceTree = "<group>"; };
		627A3909284CD028002ADC6B /* OrderFilterViewCell.swift */ = {isa = PBXFileReference; lastKnownFileType = sourcecode.swift; path = OrderFilterViewCell.swift; sourceTree = "<group>"; };
		627A390A284CD028002ADC6B /* OrderFilterViewCell.xib */ = {isa = PBXFileReference; lastKnownFileType = file.xib; path = OrderFilterViewCell.xib; sourceTree = "<group>"; };
		627A390E284CD892002ADC6B /* OrderFilterItemViewCell.swift */ = {isa = PBXFileReference; lastKnownFileType = sourcecode.swift; path = OrderFilterItemViewCell.swift; sourceTree = "<group>"; };
		627A390F284CD892002ADC6B /* OrderFilterItemViewCell.xib */ = {isa = PBXFileReference; lastKnownFileType = file.xib; path = OrderFilterItemViewCell.xib; sourceTree = "<group>"; };
		62A33F03284B5E0500D030F8 /* CustomNavigationBar.swift */ = {isa = PBXFileReference; lastKnownFileType = sourcecode.swift; path = CustomNavigationBar.swift; sourceTree = "<group>"; };
		62CA2D302847989200389230 /* UIViewController+Ext.swift */ = {isa = PBXFileReference; lastKnownFileType = sourcecode.swift; path = "UIViewController+Ext.swift"; sourceTree = "<group>"; };
		62CA2D322847AEA200389230 /* ViewController2.swift */ = {isa = PBXFileReference; lastKnownFileType = sourcecode.swift; path = ViewController2.swift; sourceTree = "<group>"; };
		62CA2D332847AEA200389230 /* ViewController2.xib */ = {isa = PBXFileReference; lastKnownFileType = file.xib; path = ViewController2.xib; sourceTree = "<group>"; };
		62CBAA63284F405300BD5EAC /* CustomSegmentedControl.swift */ = {isa = PBXFileReference; lastKnownFileType = sourcecode.swift; path = CustomSegmentedControl.swift; sourceTree = "<group>"; };
		62CBAA68284F437C00BD5EAC /* HistoryViewController.swift */ = {isa = PBXFileReference; lastKnownFileType = sourcecode.swift; path = HistoryViewController.swift; sourceTree = "<group>"; };
		62CBAA69284F437C00BD5EAC /* HistoryViewController.xib */ = {isa = PBXFileReference; lastKnownFileType = file.xib; path = HistoryViewController.xib; sourceTree = "<group>"; };
		62CBAA6C284F4FFC00BD5EAC /* Utils.swift */ = {isa = PBXFileReference; lastKnownFileType = sourcecode.swift; path = Utils.swift; sourceTree = "<group>"; };
		62CBAA6F284F57A900BD5EAC /* OrderListItemCellModel.swift */ = {isa = PBXFileReference; lastKnownFileType = sourcecode.swift; path = OrderListItemCellModel.swift; sourceTree = "<group>"; };
		62CBAA71284F57CE00BD5EAC /* OrderFilterItemCellModel.swift */ = {isa = PBXFileReference; lastKnownFileType = sourcecode.swift; path = OrderFilterItemCellModel.swift; sourceTree = "<group>"; };
		62CFEE1D283E574600E909AA /* homepoint.app */ = {isa = PBXFileReference; explicitFileType = wrapper.application; includeInIndex = 0; path = homepoint.app; sourceTree = BUILT_PRODUCTS_DIR; };
		62CFEE20283E574600E909AA /* AppDelegate.swift */ = {isa = PBXFileReference; lastKnownFileType = sourcecode.swift; path = AppDelegate.swift; sourceTree = "<group>"; };
		62CFEE29283E574A00E909AA /* Assets.xcassets */ = {isa = PBXFileReference; lastKnownFileType = folder.assetcatalog; name = Assets.xcassets; path = homepoint/Application/Assets.xcassets; sourceTree = SOURCE_ROOT; };
		62CFEE2C283E574A00E909AA /* Base */ = {isa = PBXFileReference; lastKnownFileType = file.storyboard; name = Base; path = Base.lproj/LaunchScreen.storyboard; sourceTree = "<group>"; };
		62CFEE2E283E574A00E909AA /* Info.plist */ = {isa = PBXFileReference; lastKnownFileType = text.plist.xml; path = Info.plist; sourceTree = "<group>"; };
		62FCC0D4283E59CA00BF79E2 /* ViewController.swift */ = {isa = PBXFileReference; lastKnownFileType = sourcecode.swift; path = ViewController.swift; sourceTree = "<group>"; };
		62FCC0D5283E59CA00BF79E2 /* ViewController.xib */ = {isa = PBXFileReference; lastKnownFileType = file.xib; path = ViewController.xib; sourceTree = "<group>"; };
		62FCC0DA283E5AE600BF79E2 /* ExampleViewModel.swift */ = {isa = PBXFileReference; lastKnownFileType = sourcecode.swift; path = ExampleViewModel.swift; sourceTree = "<group>"; };
		62FCC0E0283E5B5400BF79E2 /* Constants.swift */ = {isa = PBXFileReference; lastKnownFileType = sourcecode.swift; path = Constants.swift; sourceTree = "<group>"; };
		62FCC0E2283E5B6C00BF79E2 /* String+Ext.swift */ = {isa = PBXFileReference; lastKnownFileType = sourcecode.swift; path = "String+Ext.swift"; sourceTree = "<group>"; };
		62FCC0E6283E5BA500BF79E2 /* ExampleTableViewCell.swift */ = {isa = PBXFileReference; lastKnownFileType = sourcecode.swift; path = ExampleTableViewCell.swift; sourceTree = "<group>"; };
		62FCC0E7283E5BA500BF79E2 /* ExampleTableViewCell.xib */ = {isa = PBXFileReference; lastKnownFileType = file.xib; path = ExampleTableViewCell.xib; sourceTree = "<group>"; };
		62FCC0EF283E5BFA00BF79E2 /* ApiClient.swift */ = {isa = PBXFileReference; lastKnownFileType = sourcecode.swift; path = ApiClient.swift; sourceTree = "<group>"; };
		62FCC0FE283E660500BF79E2 /* MainCoordinator.swift */ = {isa = PBXFileReference; lastKnownFileType = sourcecode.swift; path = MainCoordinator.swift; sourceTree = "<group>"; };
		62FCC102283E666200BF79E2 /* ExampleResponse.swift */ = {isa = PBXFileReference; lastKnownFileType = sourcecode.swift; path = ExampleResponse.swift; sourceTree = "<group>"; };
		62FCC104283E668000BF79E2 /* ExampleUseCase.swift */ = {isa = PBXFileReference; lastKnownFileType = sourcecode.swift; path = ExampleUseCase.swift; sourceTree = "<group>"; };
		62FCC108283E66DE00BF79E2 /* ExampleRepositoryInterface.swift */ = {isa = PBXFileReference; lastKnownFileType = sourcecode.swift; path = ExampleRepositoryInterface.swift; sourceTree = "<group>"; };
		62FCC10B283E6B2C00BF79E2 /* ExampleRepository.swift */ = {isa = PBXFileReference; lastKnownFileType = sourcecode.swift; path = ExampleRepository.swift; sourceTree = "<group>"; };
		83389AE632A5ADCFCF3E3FFB /* Pods-homepoint.debug.xcconfig */ = {isa = PBXFileReference; includeInIndex = 1; lastKnownFileType = text.xcconfig; name = "Pods-homepoint.debug.xcconfig"; path = "Target Support Files/Pods-homepoint/Pods-homepoint.debug.xcconfig"; sourceTree = "<group>"; };
		B3ADEAACF3313B02500F1B9F /* Pods-homepoint.release.xcconfig */ = {isa = PBXFileReference; includeInIndex = 1; lastKnownFileType = text.xcconfig; name = "Pods-homepoint.release.xcconfig"; path = "Target Support Files/Pods-homepoint/Pods-homepoint.release.xcconfig"; sourceTree = "<group>"; };
		CB0E8809F628FAD52737A563 /* Pods_homepoint.framework */ = {isa = PBXFileReference; explicitFileType = wrapper.framework; includeInIndex = 0; path = Pods_homepoint.framework; sourceTree = BUILT_PRODUCTS_DIR; };
		D10CB4E9284F9D5F00F675B2 /* ForgetPassViewController.swift */ = {isa = PBXFileReference; lastKnownFileType = sourcecode.swift; path = ForgetPassViewController.swift; sourceTree = "<group>"; };
		D10CB4EA284F9D5F00F675B2 /* ForgetPassViewController.xib */ = {isa = PBXFileReference; lastKnownFileType = file.xib; path = ForgetPassViewController.xib; sourceTree = "<group>"; };
		D10CB4ED284F9DB500F675B2 /* LoginViewController.swift */ = {isa = PBXFileReference; lastKnownFileType = sourcecode.swift; path = LoginViewController.swift; sourceTree = "<group>"; };
		D10CB4EE284F9DB500F675B2 /* LoginViewController.xib */ = {isa = PBXFileReference; lastKnownFileType = file.xib; path = LoginViewController.xib; sourceTree = "<group>"; };
		D11876EB285792BE001351B4 /* RegisterViewController.swift */ = {isa = PBXFileReference; lastKnownFileType = sourcecode.swift; path = RegisterViewController.swift; sourceTree = "<group>"; };
		D11876EC285792BE001351B4 /* RegisterViewController.xib */ = {isa = PBXFileReference; lastKnownFileType = file.xib; path = RegisterViewController.xib; sourceTree = "<group>"; };
		D1F1ED552858D26300A556EB /* LastForgetPassViewController.swift */ = {isa = PBXFileReference; lastKnownFileType = sourcecode.swift; path = LastForgetPassViewController.swift; sourceTree = "<group>"; };
		D1F1ED562858D26300A556EB /* LastForgetPassViewController.xib */ = {isa = PBXFileReference; lastKnownFileType = file.xib; path = LastForgetPassViewController.xib; sourceTree = "<group>"; };
/* End PBXFileReference section */

/* Begin PBXFrameworksBuildPhase section */
		62CFEE1A283E574600E909AA /* Frameworks */ = {
			isa = PBXFrameworksBuildPhase;
			buildActionMask = 2147483647;
			files = (
				0CCF3771BED121A006E5D51E /* Pods_homepoint.framework in Frameworks */,
			);
			runOnlyForDeploymentPostprocessing = 0;
		};
/* End PBXFrameworksBuildPhase section */

/* Begin PBXGroup section */
		00E7DDD7BD0E49B5DB94BBD5 /* Pods */ = {
			isa = PBXGroup;
			children = (
				83389AE632A5ADCFCF3E3FFB /* Pods-homepoint.debug.xcconfig */,
				B3ADEAACF3313B02500F1B9F /* Pods-homepoint.release.xcconfig */,
			);
			path = Pods;
			sourceTree = "<group>";
		};
		5370DFBD2848FE4B00FD1ED5 /* Resources */ = {
			isa = PBXGroup;
			children = (
				5370DFBE2848FE5600FD1ED5 /* Font */,
			);
			path = Resources;
			sourceTree = "<group>";
		};
		5370DFBE2848FE5600FD1ED5 /* Font */ = {
			isa = PBXGroup;
			children = (
				5370DFC12848FE6500FD1ED5 /* Inter-Black.ttf */,
				5370DFC52848FE6500FD1ED5 /* Inter-Bold.ttf */,
				5370DFC62848FE6500FD1ED5 /* Inter-ExtraBold.ttf */,
				5370DFC22848FE6500FD1ED5 /* Inter-ExtraLight.ttf */,
				5370DFC42848FE6500FD1ED5 /* Inter-Light.ttf */,
				5370DFC02848FE6500FD1ED5 /* Inter-Medium.ttf */,
				5370DFBF2848FE6500FD1ED5 /* Inter-Regular.ttf */,
				5370DFC32848FE6500FD1ED5 /* Inter-SemiBold.ttf */,
				5370DFC72848FE6500FD1ED5 /* Inter-Thin.ttf */,
			);
			path = Font;
			sourceTree = "<group>";
		};
		5370DFD128490D6A00FD1ED5 /* Home */ = {
			isa = PBXGroup;
			children = (
				5370DFD228490D7700FD1ED5 /* ViewControllers */,
				5370DFD328490D8500FD1ED5 /* ViewCells */,
				5370DFD428490D9900FD1ED5 /* ViewModel */,
			);
			path = Home;
			sourceTree = "<group>";
		};
		5370DFD228490D7700FD1ED5 /* ViewControllers */ = {
			isa = PBXGroup;
			children = (
				5370DFD528490EC800FD1ED5 /* HomeViewController.swift */,
				5370DFD628490EC800FD1ED5 /* HomeViewController.xib */,
			);
			path = ViewControllers;
			sourceTree = "<group>";
		};
		5370DFD328490D8500FD1ED5 /* ViewCells */ = {
			isa = PBXGroup;
			children = (
				53D773102849FDFF008F2912 /* TableView */,
				53D773112849FE0F008F2912 /* CollectionView */,
			);
			path = ViewCells;
			sourceTree = "<group>";
		};
		5370DFD428490D9900FD1ED5 /* ViewModel */ = {
			isa = PBXGroup;
			children = (
			);
			path = ViewModel;
			sourceTree = "<group>";
		};
		53D773102849FDFF008F2912 /* TableView */ = {
			isa = PBXGroup;
			children = (
				53D772F82849FBF2008F2912 /* MenuViewCell.swift */,
				53D772F92849FBF2008F2912 /* MenuViewCell.xib */,
				53D773002849FC87008F2912 /* BannerViewCell.swift */,
				53D773012849FC87008F2912 /* BannerViewCell.xib */,
				53D77327284A419E008F2912 /* WeeksViewCell.swift */,
				53D77328284A419E008F2912 /* WeeksViewCell.xib */,
				53D773082849FCEE008F2912 /* BestOfferViewCell.swift */,
				53D773092849FCEE008F2912 /* BestOfferViewCell.xib */,
				53D7733B284A423D008F2912 /* RecommendationViewCell.swift */,
				53D7733C284A423D008F2912 /* RecommendationViewCell.xib */,
			);
			path = TableView;
			sourceTree = "<group>";
		};
		53D773112849FE0F008F2912 /* CollectionView */ = {
			isa = PBXGroup;
			children = (
				53D7732B284A41B9008F2912 /* MenuItemViewCell.swift */,
				53D7732C284A41B9008F2912 /* MenuItemViewCell.xib */,
				53D7732F284A41CC008F2912 /* WeeksItemViewCell.swift */,
				53D77330284A41CC008F2912 /* WeeksItemViewCell.xib */,
				53D77333284A41DD008F2912 /* BestOfferItemViewCell.swift */,
				53D77334284A41DD008F2912 /* BestOfferItemViewCell.xib */,
				53D77337284A4225008F2912 /* RecommendationItemViewCell.swift */,
				53D77338284A4225008F2912 /* RecommendationItemViewCell.xib */,
			);
			path = CollectionView;
			sourceTree = "<group>";
		};
		6216E07F2848ED2A0019747D /* Reusables */ = {
			isa = PBXGroup;
			children = (
				62802740284E3D86005E5442 /* TabBar */,
				62CBAA65284F40CE00BD5EAC /* SegmentedControl */,
				62A33F02284B5DC400D030F8 /* NavigationBar */,
				6216E0802848ED300019747D /* ProductCard */,
			);
			path = Reusables;
			sourceTree = "<group>";
		};
		6216E0802848ED300019747D /* ProductCard */ = {
			isa = PBXGroup;
			children = (
				6216E0832848ED4D0019747D /* LargeProductCardViewCell.swift */,
				6216E0822848ED4D0019747D /* LargeProductCardViewCell.xib */,
				6216E0812848ED4D0019747D /* SmallProductCardViewCell.swift */,
				6216E0842848ED4D0019747D /* SmallProductCardViewCell.xib */,
			);
			path = ProductCard;
			sourceTree = "<group>";
		};
		62759B7E284A523300622184 /* Search */ = {
			isa = PBXGroup;
			children = (
				627A38FC284CCE0C002ADC6B /* ViewControllers */,
			);
			path = Search;
			sourceTree = "<group>";
		};
		627A38FC284CCE0C002ADC6B /* ViewControllers */ = {
			isa = PBXGroup;
			children = (
				62759B7F284A52AD00622184 /* SearchViewController.swift */,
				62759B80284A52AD00622184 /* SearchViewController.xib */,
			);
			path = ViewControllers;
			sourceTree = "<group>";
		};
		627A38FD284CCE13002ADC6B /* TransactionHistory */ = {
			isa = PBXGroup;
			children = (
				627A3903284CCFA0002ADC6B /* ViewCells */,
				627A38FE284CCE1B002ADC6B /* ViewControllers */,
			);
			path = TransactionHistory;
			sourceTree = "<group>";
		};
		627A38FE284CCE1B002ADC6B /* ViewControllers */ = {
			isa = PBXGroup;
			children = (
				62CBAA67284F434500BD5EAC /* History */,
				62CBAA66284F434000BD5EAC /* OrderList */,
			);
			path = ViewControllers;
			sourceTree = "<group>";
		};
		627A3903284CCFA0002ADC6B /* ViewCells */ = {
			isa = PBXGroup;
			children = (
				62CBAA6E284F579700BD5EAC /* CellModels */,
				627A390D284CD876002ADC6B /* CollectionView */,
				627A3904284CCFA8002ADC6B /* TableView */,
			);
			path = ViewCells;
			sourceTree = "<group>";
		};
		627A3904284CCFA8002ADC6B /* TableView */ = {
			isa = PBXGroup;
			children = (
				627A3905284CCFE8002ADC6B /* OrderListViewCell.swift */,
				627A3906284CCFE8002ADC6B /* OrderListViewCell.xib */,
				627A3909284CD028002ADC6B /* OrderFilterViewCell.swift */,
				627A390A284CD028002ADC6B /* OrderFilterViewCell.xib */,
			);
			path = TableView;
			sourceTree = "<group>";
		};
		627A390D284CD876002ADC6B /* CollectionView */ = {
			isa = PBXGroup;
			children = (
				627A390E284CD892002ADC6B /* OrderFilterItemViewCell.swift */,
				627A390F284CD892002ADC6B /* OrderFilterItemViewCell.xib */,
			);
			path = CollectionView;
			sourceTree = "<group>";
		};
		6280273C284E3C61005E5442 /* Recovered References */ = {
			isa = PBXGroup;
			children = (
			);
			name = "Recovered References";
			sourceTree = "<group>";
		};
		62802740284E3D86005E5442 /* TabBar */ = {
			isa = PBXGroup;
			children = (
				626F28392850DC9600677122 /* CustomTabBarController.swift */,
			);
			path = TabBar;
			sourceTree = "<group>";
		};
		62A33F02284B5DC400D030F8 /* NavigationBar */ = {
			isa = PBXGroup;
			children = (
				62A33F03284B5E0500D030F8 /* CustomNavigationBar.swift */,
			);
			path = NavigationBar;
			sourceTree = "<group>";
		};
		62CBAA65284F40CE00BD5EAC /* SegmentedControl */ = {
			isa = PBXGroup;
			children = (
				62CBAA63284F405300BD5EAC /* CustomSegmentedControl.swift */,
			);
			path = SegmentedControl;
			sourceTree = "<group>";
		};
		62CBAA66284F434000BD5EAC /* OrderList */ = {
			isa = PBXGroup;
			children = (
				627A38FF284CCE3B002ADC6B /* OrderListViewController.swift */,
				627A3900284CCE3B002ADC6B /* OrderListViewController.xib */,
			);
			path = OrderList;
			sourceTree = "<group>";
		};
		62CBAA67284F434500BD5EAC /* History */ = {
			isa = PBXGroup;
			children = (
				62CBAA68284F437C00BD5EAC /* HistoryViewController.swift */,
				62CBAA69284F437C00BD5EAC /* HistoryViewController.xib */,
			);
			path = History;
			sourceTree = "<group>";
		};
		62CBAA6E284F579700BD5EAC /* CellModels */ = {
			isa = PBXGroup;
			children = (
				62CBAA6F284F57A900BD5EAC /* OrderListItemCellModel.swift */,
				62CBAA71284F57CE00BD5EAC /* OrderFilterItemCellModel.swift */,
			);
			path = CellModels;
			sourceTree = "<group>";
		};
		62CFEE14283E574600E909AA = {
			isa = PBXGroup;
			children = (
				62CFEE1F283E574600E909AA /* homepoint */,
				62CFEE1E283E574600E909AA /* Products */,
				00E7DDD7BD0E49B5DB94BBD5 /* Pods */,
				73F6C806D3CF069601BCD557 /* Frameworks */,
				6280273C284E3C61005E5442 /* Recovered References */,
			);
			sourceTree = "<group>";
		};
		62CFEE1E283E574600E909AA /* Products */ = {
			isa = PBXGroup;
			children = (
				62CFEE1D283E574600E909AA /* homepoint.app */,
			);
			name = Products;
			sourceTree = "<group>";
		};
		62CFEE1F283E574600E909AA /* homepoint */ = {
			isa = PBXGroup;
			children = (
				5370DFBD2848FE4B00FD1ED5 /* Resources */,
				62FCC0FD283E65EC00BF79E2 /* Coordinator */,
				62FCC0F1283E616100BF79E2 /* Features */,
				62FCC0F9283E621400BF79E2 /* Domain */,
				62FCC0FA283E621C00BF79E2 /* Data */,
				62FCC0DD283E5B2A00BF79E2 /* Helpers */,
				62FCC0DC283E5B1A00BF79E2 /* Application */,
				62CFEE2E283E574A00E909AA /* Info.plist */,
			);
			path = homepoint;
			sourceTree = "<group>";
		};
		62FCC0DC283E5B1A00BF79E2 /* Application */ = {
			isa = PBXGroup;
			children = (
				62CFEE20283E574600E909AA /* AppDelegate.swift */,
				62CFEE29283E574A00E909AA /* Assets.xcassets */,
				62CFEE2B283E574A00E909AA /* LaunchScreen.storyboard */,
			);
			path = Application;
			sourceTree = "<group>";
		};
		62FCC0DD283E5B2A00BF79E2 /* Helpers */ = {
			isa = PBXGroup;
			children = (
				62FCC0DF283E5B4600BF79E2 /* Extensions */,
				62FCC0DE283E5B3A00BF79E2 /* Constants */,
				62CBAA6C284F4FFC00BD5EAC /* Utils.swift */,
			);
			path = Helpers;
			sourceTree = "<group>";
		};
		62FCC0DE283E5B3A00BF79E2 /* Constants */ = {
			isa = PBXGroup;
			children = (
				62FCC0E0283E5B5400BF79E2 /* Constants.swift */,
			);
			path = Constants;
			sourceTree = "<group>";
		};
		62FCC0DF283E5B4600BF79E2 /* Extensions */ = {
			isa = PBXGroup;
			children = (
				6216E0792848EC780019747D /* Color+Ext.swift */,
				6216E0782848EC780019747D /* Font+Ext.swift */,
				62FCC0E2283E5B6C00BF79E2 /* String+Ext.swift */,
				626A1D1328465BE500B2DA8A /* UIView+Ext.swift */,
				62CA2D302847989200389230 /* UIViewController+Ext.swift */,
			);
			path = Extensions;
			sourceTree = "<group>";
		};
		62FCC0EE283E5BDF00BF79E2 /* Network */ = {
			isa = PBXGroup;
			children = (
				62FCC0EF283E5BFA00BF79E2 /* ApiClient.swift */,
			);
			path = Network;
			sourceTree = "<group>";
		};
		62FCC0F1283E616100BF79E2 /* Features */ = {
			isa = PBXGroup;
			children = (
				5370DFD128490D6A00FD1ED5 /* Home */,
				6216E07F2848ED2A0019747D /* Reusables */,
				627A38FD284CCE13002ADC6B /* TransactionHistory */,
				62759B7E284A523300622184 /* Search */,
				D10CB4DF284F8B1900F675B2 /* Login */,
				D1CBD64028488F1400A9B01A /* Register */,
				D10CB4E6284F9D3300F675B2 /* ForgetPass */,
				62FCC0F2283E616B00BF79E2 /* Example */,
			);
			path = Features;
			sourceTree = "<group>";
		};
		62FCC0F2283E616B00BF79E2 /* Example */ = {
			isa = PBXGroup;
			children = (
				62FCC0F4283E61A400BF79E2 /* ViewControllers */,
				62FCC0F8283E61E200BF79E2 /* ViewCells */,
				62FCC0F3283E619D00BF79E2 /* ViewModel */,
			);
			path = Example;
			sourceTree = "<group>";
		};
		62FCC0F3283E619D00BF79E2 /* ViewModel */ = {
			isa = PBXGroup;
			children = (
				62FCC0DA283E5AE600BF79E2 /* ExampleViewModel.swift */,
			);
			path = ViewModel;
			sourceTree = "<group>";
		};
		62FCC0F4283E61A400BF79E2 /* ViewControllers */ = {
			isa = PBXGroup;
			children = (
				62FCC0D4283E59CA00BF79E2 /* ViewController.swift */,
				62FCC0D5283E59CA00BF79E2 /* ViewController.xib */,
				62CA2D322847AEA200389230 /* ViewController2.swift */,
				62CA2D332847AEA200389230 /* ViewController2.xib */,
			);
			path = ViewControllers;
			sourceTree = "<group>";
		};
		62FCC0F8283E61E200BF79E2 /* ViewCells */ = {
			isa = PBXGroup;
			children = (
				62FCC0E6283E5BA500BF79E2 /* ExampleTableViewCell.swift */,
				62FCC0E7283E5BA500BF79E2 /* ExampleTableViewCell.xib */,
			);
			path = ViewCells;
			sourceTree = "<group>";
		};
		62FCC0F9283E621400BF79E2 /* Domain */ = {
			isa = PBXGroup;
			children = (
				62FCC106283E66C200BF79E2 /* Interfaces */,
				62FCC101283E663300BF79E2 /* Entities */,
				62FCC0FC283E623700BF79E2 /* UseCases */,
			);
			path = Domain;
			sourceTree = "<group>";
		};
		62FCC0FA283E621C00BF79E2 /* Data */ = {
			isa = PBXGroup;
			children = (
				62FCC10A283E6B1900BF79E2 /* Repositories */,
				62FCC0EE283E5BDF00BF79E2 /* Network */,
			);
			path = Data;
			sourceTree = "<group>";
		};
		62FCC0FC283E623700BF79E2 /* UseCases */ = {
			isa = PBXGroup;
			children = (
				62FCC104283E668000BF79E2 /* ExampleUseCase.swift */,
			);
			path = UseCases;
			sourceTree = "<group>";
		};
		62FCC0FD283E65EC00BF79E2 /* Coordinator */ = {
			isa = PBXGroup;
			children = (
				62FCC0FE283E660500BF79E2 /* MainCoordinator.swift */,
			);
			path = Coordinator;
			sourceTree = "<group>";
		};
		62FCC101283E663300BF79E2 /* Entities */ = {
			isa = PBXGroup;
			children = (
				62FCC102283E666200BF79E2 /* ExampleResponse.swift */,
			);
			path = Entities;
			sourceTree = "<group>";
		};
		62FCC106283E66C200BF79E2 /* Interfaces */ = {
			isa = PBXGroup;
			children = (
				62FCC107283E66D000BF79E2 /* Repositories */,
			);
			path = Interfaces;
			sourceTree = "<group>";
		};
		62FCC107283E66D000BF79E2 /* Repositories */ = {
			isa = PBXGroup;
			children = (
				62FCC108283E66DE00BF79E2 /* ExampleRepositoryInterface.swift */,
			);
			path = Repositories;
			sourceTree = "<group>";
		};
		62FCC10A283E6B1900BF79E2 /* Repositories */ = {
			isa = PBXGroup;
			children = (
				62FCC10B283E6B2C00BF79E2 /* ExampleRepository.swift */,
			);
			path = Repositories;
			sourceTree = "<group>";
		};
		73F6C806D3CF069601BCD557 /* Frameworks */ = {
			isa = PBXGroup;
			children = (
				CB0E8809F628FAD52737A563 /* Pods_homepoint.framework */,
			);
			name = Frameworks;
			sourceTree = "<group>";
		};
		D10CB4DF284F8B1900F675B2 /* Login */ = {
			isa = PBXGroup;
			children = (
				D10CB4E0284F8B2100F675B2 /* ViewControllers */,
			);
			path = Login;
			sourceTree = "<group>";
		};
		D10CB4E0284F8B2100F675B2 /* ViewControllers */ = {
			isa = PBXGroup;
			children = (
				D10CB4ED284F9DB500F675B2 /* LoginViewController.swift */,
				D10CB4EE284F9DB500F675B2 /* LoginViewController.xib */,
			);
			path = ViewControllers;
			sourceTree = "<group>";
		};
		D10CB4E6284F9D3300F675B2 /* ForgetPass */ = {
			isa = PBXGroup;
			children = (
				D10CB4E9284F9D5F00F675B2 /* ForgetPassViewController.swift */,
				D10CB4EA284F9D5F00F675B2 /* ForgetPassViewController.xib */,
				D1F1ED552858D26300A556EB /* LastForgetPassViewController.swift */,
				D1F1ED562858D26300A556EB /* LastForgetPassViewController.xib */,
			);
			path = ForgetPass;
			sourceTree = "<group>";
		};
		D1CBD64028488F1400A9B01A /* Register */ = {
			isa = PBXGroup;
			children = (
				D1CBD64128488F1C00A9B01A /* ViewControllers */,
				D1CBD64228488F3800A9B01A /* ViewCells */,
				D1CBD64328488F4100A9B01A /* ViewModel */,
			);
			path = Register;
			sourceTree = "<group>";
		};
		D1CBD64128488F1C00A9B01A /* ViewControllers */ = {
			isa = PBXGroup;
			children = (
				D11876EB285792BE001351B4 /* RegisterViewController.swift */,
				D11876EC285792BE001351B4 /* RegisterViewController.xib */,
			);
			path = ViewControllers;
			sourceTree = "<group>";
		};
		D1CBD64228488F3800A9B01A /* ViewCells */ = {
			isa = PBXGroup;
			children = (
			);
			path = ViewCells;
			sourceTree = "<group>";
		};
		D1CBD64328488F4100A9B01A /* ViewModel */ = {
			isa = PBXGroup;
			children = (
			);
			path = ViewModel;
			sourceTree = "<group>";
		};
/* End PBXGroup section */

/* Begin PBXNativeTarget section */
		62CFEE1C283E574600E909AA /* homepoint */ = {
			isa = PBXNativeTarget;
			buildConfigurationList = 62CFEE31283E574A00E909AA /* Build configuration list for PBXNativeTarget "homepoint" */;
			buildPhases = (
				415AEE02A3BF253D781BAD86 /* [CP] Check Pods Manifest.lock */,
				62CFEE19283E574600E909AA /* Sources */,
				62CFEE1A283E574600E909AA /* Frameworks */,
				62CFEE1B283E574600E909AA /* Resources */,
				BC61DF2CFF1ABF8650E5542F /* [CP] Embed Pods Frameworks */,
			);
			buildRules = (
			);
			dependencies = (
			);
			name = homepoint;
			productName = homepoint;
			productReference = 62CFEE1D283E574600E909AA /* homepoint.app */;
			productType = "com.apple.product-type.application";
		};
/* End PBXNativeTarget section */

/* Begin PBXProject section */
		62CFEE15283E574600E909AA /* Project object */ = {
			isa = PBXProject;
			attributes = {
				BuildIndependentTargetsInParallel = 1;
				LastSwiftUpdateCheck = 1310;
				LastUpgradeCheck = 1310;
				TargetAttributes = {
					62CFEE1C283E574600E909AA = {
						CreatedOnToolsVersion = 13.1;
					};
				};
			};
			buildConfigurationList = 62CFEE18283E574600E909AA /* Build configuration list for PBXProject "homepoint" */;
			compatibilityVersion = "Xcode 13.0";
			developmentRegion = en;
			hasScannedForEncodings = 0;
			knownRegions = (
				en,
				Base,
			);
			mainGroup = 62CFEE14283E574600E909AA;
			productRefGroup = 62CFEE1E283E574600E909AA /* Products */;
			projectDirPath = "";
			projectRoot = "";
			targets = (
				62CFEE1C283E574600E909AA /* homepoint */,
			);
		};
/* End PBXProject section */

/* Begin PBXResourcesBuildPhase section */
		62CFEE1B283E574600E909AA /* Resources */ = {
			isa = PBXResourcesBuildPhase;
			buildActionMask = 2147483647;
			files = (
				D10CB4EC284F9D5F00F675B2 /* ForgetPassViewController.xib in Resources */,
				62FCC0E9283E5BA500BF79E2 /* ExampleTableViewCell.xib in Resources */,
				5370DFCB2848FE6500FD1ED5 /* Inter-ExtraLight.ttf in Resources */,
				5370DFCA2848FE6500FD1ED5 /* Inter-Black.ttf in Resources */,
				53D772FB2849FBF2008F2912 /* MenuViewCell.xib in Resources */,
				53D773032849FC87008F2912 /* BannerViewCell.xib in Resources */,
				53D7730B2849FCEE008F2912 /* BestOfferViewCell.xib in Resources */,
				53D7732E284A41B9008F2912 /* MenuItemViewCell.xib in Resources */,
				5370DFCF2848FE6500FD1ED5 /* Inter-ExtraBold.ttf in Resources */,
				5370DFCE2848FE6500FD1ED5 /* Inter-Bold.ttf in Resources */,
				62CBAA6B284F437C00BD5EAC /* HistoryViewController.xib in Resources */,
				627A3902284CCE3B002ADC6B /* OrderListViewController.xib in Resources */,
				5370DFCC2848FE6500FD1ED5 /* Inter-SemiBold.ttf in Resources */,
				6216E0862848ED4D0019747D /* LargeProductCardViewCell.xib in Resources */,
				62CFEE2D283E574A00E909AA /* LaunchScreen.storyboard in Resources */,
				627A3911284CD892002ADC6B /* OrderFilterItemViewCell.xib in Resources */,
				53D7733E284A423D008F2912 /* RecommendationViewCell.xib in Resources */,
				53D77336284A41DD008F2912 /* BestOfferItemViewCell.xib in Resources */,
				5370DFD02848FE6500FD1ED5 /* Inter-Thin.ttf in Resources */,
				6216E0882848ED4D0019747D /* SmallProductCardViewCell.xib in Resources */,
				53D7732A284A419E008F2912 /* WeeksViewCell.xib in Resources */,
				5370DFC92848FE6500FD1ED5 /* Inter-Medium.ttf in Resources */,
				62FCC0D7283E59CA00BF79E2 /* ViewController.xib in Resources */,
				627A390C284CD028002ADC6B /* OrderFilterViewCell.xib in Resources */,
				D11876EE285792BE001351B4 /* RegisterViewController.xib in Resources */,
				62CFEE2D283E574A00E909AA /* LaunchScreen.storyboard in Resources */,
				D1F1ED582858D26300A556EB /* LastForgetPassViewController.xib in Resources */,
				62FCC0D7283E59CA00BF79E2 /* ViewController.xib in Resources */,
				D10CB4F0284F9DB500F675B2 /* LoginViewController.xib in Resources */,
				62CFEE2A283E574A00E909AA /* Assets.xcassets in Resources */,
				627A3908284CCFE8002ADC6B /* OrderListViewCell.xib in Resources */,
				62CA2D352847AEA200389230 /* ViewController2.xib in Resources */,
				5370DFCD2848FE6500FD1ED5 /* Inter-Light.ttf in Resources */,
				62759B82284A52AD00622184 /* SearchViewController.xib in Resources */,
				5370DFC82848FE6500FD1ED5 /* Inter-Regular.ttf in Resources */,
				5370DFD828490EC800FD1ED5 /* HomeViewController.xib in Resources */,
				53D7733A284A4225008F2912 /* RecommendationItemViewCell.xib in Resources */,
				53D77332284A41CC008F2912 /* WeeksItemViewCell.xib in Resources */,
			);
			runOnlyForDeploymentPostprocessing = 0;
		};
/* End PBXResourcesBuildPhase section */

/* Begin PBXShellScriptBuildPhase section */
		415AEE02A3BF253D781BAD86 /* [CP] Check Pods Manifest.lock */ = {
			isa = PBXShellScriptBuildPhase;
			buildActionMask = 2147483647;
			files = (
			);
			inputFileListPaths = (
			);
			inputPaths = (
				"${PODS_PODFILE_DIR_PATH}/Podfile.lock",
				"${PODS_ROOT}/Manifest.lock",
			);
			name = "[CP] Check Pods Manifest.lock";
			outputFileListPaths = (
			);
			outputPaths = (
				"$(DERIVED_FILE_DIR)/Pods-homepoint-checkManifestLockResult.txt",
			);
			runOnlyForDeploymentPostprocessing = 0;
			shellPath = /bin/sh;
			shellScript = "diff \"${PODS_PODFILE_DIR_PATH}/Podfile.lock\" \"${PODS_ROOT}/Manifest.lock\" > /dev/null\nif [ $? != 0 ] ; then\n    # print error to STDERR\n    echo \"error: The sandbox is not in sync with the Podfile.lock. Run 'pod install' or update your CocoaPods installation.\" >&2\n    exit 1\nfi\n# This output is used by Xcode 'outputs' to avoid re-running this script phase.\necho \"SUCCESS\" > \"${SCRIPT_OUTPUT_FILE_0}\"\n";
			showEnvVarsInLog = 0;
		};
		BC61DF2CFF1ABF8650E5542F /* [CP] Embed Pods Frameworks */ = {
			isa = PBXShellScriptBuildPhase;
			buildActionMask = 2147483647;
			files = (
			);
			inputFileListPaths = (
				"${PODS_ROOT}/Target Support Files/Pods-homepoint/Pods-homepoint-frameworks-${CONFIGURATION}-input-files.xcfilelist",
			);
			name = "[CP] Embed Pods Frameworks";
			outputFileListPaths = (
				"${PODS_ROOT}/Target Support Files/Pods-homepoint/Pods-homepoint-frameworks-${CONFIGURATION}-output-files.xcfilelist",
			);
			runOnlyForDeploymentPostprocessing = 0;
			shellPath = /bin/sh;
			shellScript = "\"${PODS_ROOT}/Target Support Files/Pods-homepoint/Pods-homepoint-frameworks.sh\"\n";
			showEnvVarsInLog = 0;
		};
/* End PBXShellScriptBuildPhase section */

/* Begin PBXSourcesBuildPhase section */
		62CFEE19283E574600E909AA /* Sources */ = {
			isa = PBXSourcesBuildPhase;
			buildActionMask = 2147483647;
			files = (
				6216E0872848ED4D0019747D /* LargeProductCardViewCell.swift in Sources */,
				62CBAA72284F57CE00BD5EAC /* OrderFilterItemCellModel.swift in Sources */,
				627A390B284CD028002ADC6B /* OrderFilterViewCell.swift in Sources */,
				6216E0852848ED4D0019747D /* SmallProductCardViewCell.swift in Sources */,
				626F283A2850DC9600677122 /* CustomTabBarController.swift in Sources */,
				62CBAA6D284F4FFC00BD5EAC /* Utils.swift in Sources */,
				62FCC0E3283E5B6C00BF79E2 /* String+Ext.swift in Sources */,
				62FCC0E1283E5B5400BF79E2 /* Constants.swift in Sources */,
				62FCC10C283E6B2C00BF79E2 /* ExampleRepository.swift in Sources */,
				62CBAA6A284F437C00BD5EAC /* HistoryViewController.swift in Sources */,
				627A3901284CCE3B002ADC6B /* OrderListViewController.swift in Sources */,
				53D77331284A41CC008F2912 /* WeeksItemViewCell.swift in Sources */,
				6216E0852848ED4D0019747D /* SmallProductCardViewCell.swift in Sources */,
				53D7733D284A423D008F2912 /* RecommendationViewCell.swift in Sources */,
				62FCC0E3283E5B6C00BF79E2 /* String+Ext.swift in Sources */,
				62FCC0E1283E5B5400BF79E2 /* Constants.swift in Sources */,
				62FCC10C283E6B2C00BF79E2 /* ExampleRepository.swift in Sources */,
				53D772FA2849FBF2008F2912 /* MenuViewCell.swift in Sources */,
				5370DFD728490EC800FD1ED5 /* HomeViewController.swift in Sources */,
				53D7732D284A41B9008F2912 /* MenuItemViewCell.swift in Sources */,
				6216E07B2848EC780019747D /* Color+Ext.swift in Sources */,
				62CBAA70284F57A900BD5EAC /* OrderListItemCellModel.swift in Sources */,
				62FCC0D6283E59CA00BF79E2 /* ViewController.swift in Sources */,
				626A1D1428465BE500B2DA8A /* UIView+Ext.swift in Sources */,
				627A3910284CD892002ADC6B /* OrderFilterItemViewCell.swift in Sources */,
				D10CB4EF284F9DB500F675B2 /* LoginViewController.swift in Sources */,
				D10CB4EB284F9D5F00F675B2 /* ForgetPassViewController.swift in Sources */,
				62FCC0D6283E59CA00BF79E2 /* ViewController.swift in Sources */,
				D1F1ED572858D26300A556EB /* LastForgetPassViewController.swift in Sources */,
				D11876ED285792BE001351B4 /* RegisterViewController.swift in Sources */,
				53D7730A2849FCEE008F2912 /* BestOfferViewCell.swift in Sources */,
				62FCC0F0283E5BFA00BF79E2 /* ApiClient.swift in Sources */,
				627A3907284CCFE8002ADC6B /* OrderListViewCell.swift in Sources */,
				62FCC105283E668000BF79E2 /* ExampleUseCase.swift in Sources */,
				62759B81284A52AD00622184 /* SearchViewController.swift in Sources */,
				53D77335284A41DD008F2912 /* BestOfferItemViewCell.swift in Sources */,
				53D773022849FC87008F2912 /* BannerViewCell.swift in Sources */,
				53D77329284A419E008F2912 /* WeeksViewCell.swift in Sources */,
				53D77339284A4225008F2912 /* RecommendationItemViewCell.swift in Sources */,
				62FCC0DB283E5AE600BF79E2 /* ExampleViewModel.swift in Sources */,
				62FCC109283E66DE00BF79E2 /* ExampleRepositoryInterface.swift in Sources */,
				62FCC103283E666200BF79E2 /* ExampleResponse.swift in Sources */,
				62A33F04284B5E0500D030F8 /* CustomNavigationBar.swift in Sources */,
				62CA2D342847AEA200389230 /* ViewController2.swift in Sources */,
				6216E07A2848EC780019747D /* Font+Ext.swift in Sources */,
				62FCC109283E66DE00BF79E2 /* ExampleRepositoryInterface.swift in Sources */,
				62FCC103283E666200BF79E2 /* ExampleResponse.swift in Sources */,
				62CBAA64284F405300BD5EAC /* CustomSegmentedControl.swift in Sources */,
				62FCC0FF283E660500BF79E2 /* MainCoordinator.swift in Sources */,
				62FCC0E8283E5BA500BF79E2 /* ExampleTableViewCell.swift in Sources */,
				62CA2D312847989200389230 /* UIViewController+Ext.swift in Sources */,
				62CFEE21283E574600E909AA /* AppDelegate.swift in Sources */,
			);
			runOnlyForDeploymentPostprocessing = 0;
		};
/* End PBXSourcesBuildPhase section */

/* Begin PBXVariantGroup section */
		62CFEE2B283E574A00E909AA /* LaunchScreen.storyboard */ = {
			isa = PBXVariantGroup;
			children = (
				62CFEE2C283E574A00E909AA /* Base */,
			);
			name = LaunchScreen.storyboard;
			sourceTree = "<group>";
		};
/* End PBXVariantGroup section */

/* Begin XCBuildConfiguration section */
		62CFEE2F283E574A00E909AA /* Debug */ = {
			isa = XCBuildConfiguration;
			buildSettings = {
				ALWAYS_SEARCH_USER_PATHS = NO;
				CLANG_ANALYZER_NONNULL = YES;
				CLANG_ANALYZER_NUMBER_OBJECT_CONVERSION = YES_AGGRESSIVE;
				CLANG_CXX_LANGUAGE_STANDARD = "gnu++17";
				CLANG_CXX_LIBRARY = "libc++";
				CLANG_ENABLE_MODULES = YES;
				CLANG_ENABLE_OBJC_ARC = YES;
				CLANG_ENABLE_OBJC_WEAK = YES;
				CLANG_WARN_BLOCK_CAPTURE_AUTORELEASING = YES;
				CLANG_WARN_BOOL_CONVERSION = YES;
				CLANG_WARN_COMMA = YES;
				CLANG_WARN_CONSTANT_CONVERSION = YES;
				CLANG_WARN_DEPRECATED_OBJC_IMPLEMENTATIONS = YES;
				CLANG_WARN_DIRECT_OBJC_ISA_USAGE = YES_ERROR;
				CLANG_WARN_DOCUMENTATION_COMMENTS = YES;
				CLANG_WARN_EMPTY_BODY = YES;
				CLANG_WARN_ENUM_CONVERSION = YES;
				CLANG_WARN_INFINITE_RECURSION = YES;
				CLANG_WARN_INT_CONVERSION = YES;
				CLANG_WARN_NON_LITERAL_NULL_CONVERSION = YES;
				CLANG_WARN_OBJC_IMPLICIT_RETAIN_SELF = YES;
				CLANG_WARN_OBJC_LITERAL_CONVERSION = YES;
				CLANG_WARN_OBJC_ROOT_CLASS = YES_ERROR;
				CLANG_WARN_QUOTED_INCLUDE_IN_FRAMEWORK_HEADER = YES;
				CLANG_WARN_RANGE_LOOP_ANALYSIS = YES;
				CLANG_WARN_STRICT_PROTOTYPES = YES;
				CLANG_WARN_SUSPICIOUS_MOVE = YES;
				CLANG_WARN_UNGUARDED_AVAILABILITY = YES_AGGRESSIVE;
				CLANG_WARN_UNREACHABLE_CODE = YES;
				CLANG_WARN__DUPLICATE_METHOD_MATCH = YES;
				COPY_PHASE_STRIP = NO;
				DEBUG_INFORMATION_FORMAT = dwarf;
				ENABLE_STRICT_OBJC_MSGSEND = YES;
				ENABLE_TESTABILITY = YES;
				GCC_C_LANGUAGE_STANDARD = gnu11;
				GCC_DYNAMIC_NO_PIC = NO;
				GCC_NO_COMMON_BLOCKS = YES;
				GCC_OPTIMIZATION_LEVEL = 0;
				GCC_PREPROCESSOR_DEFINITIONS = (
					"DEBUG=1",
					"$(inherited)",
				);
				GCC_WARN_64_TO_32_BIT_CONVERSION = YES;
				GCC_WARN_ABOUT_RETURN_TYPE = YES_ERROR;
				GCC_WARN_UNDECLARED_SELECTOR = YES;
				GCC_WARN_UNINITIALIZED_AUTOS = YES_AGGRESSIVE;
				GCC_WARN_UNUSED_FUNCTION = YES;
				GCC_WARN_UNUSED_VARIABLE = YES;
				IPHONEOS_DEPLOYMENT_TARGET = 12.4;
				MTL_ENABLE_DEBUG_INFO = INCLUDE_SOURCE;
				MTL_FAST_MATH = YES;
				ONLY_ACTIVE_ARCH = YES;
				SDKROOT = iphoneos;
				SWIFT_ACTIVE_COMPILATION_CONDITIONS = DEBUG;
				SWIFT_OPTIMIZATION_LEVEL = "-Onone";
			};
			name = Debug;
		};
		62CFEE30283E574A00E909AA /* Release */ = {
			isa = XCBuildConfiguration;
			buildSettings = {
				ALWAYS_SEARCH_USER_PATHS = NO;
				CLANG_ANALYZER_NONNULL = YES;
				CLANG_ANALYZER_NUMBER_OBJECT_CONVERSION = YES_AGGRESSIVE;
				CLANG_CXX_LANGUAGE_STANDARD = "gnu++17";
				CLANG_CXX_LIBRARY = "libc++";
				CLANG_ENABLE_MODULES = YES;
				CLANG_ENABLE_OBJC_ARC = YES;
				CLANG_ENABLE_OBJC_WEAK = YES;
				CLANG_WARN_BLOCK_CAPTURE_AUTORELEASING = YES;
				CLANG_WARN_BOOL_CONVERSION = YES;
				CLANG_WARN_COMMA = YES;
				CLANG_WARN_CONSTANT_CONVERSION = YES;
				CLANG_WARN_DEPRECATED_OBJC_IMPLEMENTATIONS = YES;
				CLANG_WARN_DIRECT_OBJC_ISA_USAGE = YES_ERROR;
				CLANG_WARN_DOCUMENTATION_COMMENTS = YES;
				CLANG_WARN_EMPTY_BODY = YES;
				CLANG_WARN_ENUM_CONVERSION = YES;
				CLANG_WARN_INFINITE_RECURSION = YES;
				CLANG_WARN_INT_CONVERSION = YES;
				CLANG_WARN_NON_LITERAL_NULL_CONVERSION = YES;
				CLANG_WARN_OBJC_IMPLICIT_RETAIN_SELF = YES;
				CLANG_WARN_OBJC_LITERAL_CONVERSION = YES;
				CLANG_WARN_OBJC_ROOT_CLASS = YES_ERROR;
				CLANG_WARN_QUOTED_INCLUDE_IN_FRAMEWORK_HEADER = YES;
				CLANG_WARN_RANGE_LOOP_ANALYSIS = YES;
				CLANG_WARN_STRICT_PROTOTYPES = YES;
				CLANG_WARN_SUSPICIOUS_MOVE = YES;
				CLANG_WARN_UNGUARDED_AVAILABILITY = YES_AGGRESSIVE;
				CLANG_WARN_UNREACHABLE_CODE = YES;
				CLANG_WARN__DUPLICATE_METHOD_MATCH = YES;
				COPY_PHASE_STRIP = NO;
				DEBUG_INFORMATION_FORMAT = "dwarf-with-dsym";
				ENABLE_NS_ASSERTIONS = NO;
				ENABLE_STRICT_OBJC_MSGSEND = YES;
				GCC_C_LANGUAGE_STANDARD = gnu11;
				GCC_NO_COMMON_BLOCKS = YES;
				GCC_WARN_64_TO_32_BIT_CONVERSION = YES;
				GCC_WARN_ABOUT_RETURN_TYPE = YES_ERROR;
				GCC_WARN_UNDECLARED_SELECTOR = YES;
				GCC_WARN_UNINITIALIZED_AUTOS = YES_AGGRESSIVE;
				GCC_WARN_UNUSED_FUNCTION = YES;
				GCC_WARN_UNUSED_VARIABLE = YES;
				IPHONEOS_DEPLOYMENT_TARGET = 12.4;
				MTL_ENABLE_DEBUG_INFO = NO;
				MTL_FAST_MATH = YES;
				SDKROOT = iphoneos;
				SWIFT_COMPILATION_MODE = wholemodule;
				SWIFT_OPTIMIZATION_LEVEL = "-O";
				VALIDATE_PRODUCT = YES;
			};
			name = Release;
		};
		62CFEE32283E574A00E909AA /* Debug */ = {
			isa = XCBuildConfiguration;
			baseConfigurationReference = 83389AE632A5ADCFCF3E3FFB /* Pods-homepoint.debug.xcconfig */;
			buildSettings = {
				ASSETCATALOG_COMPILER_APPICON_NAME = AppIcon;
				ASSETCATALOG_COMPILER_GLOBAL_ACCENT_COLOR_NAME = AccentColor;
				ASSETCATALOG_COMPILER_INCLUDE_ALL_APPICON_ASSETS = NO;
				CODE_SIGN_STYLE = Automatic;
				CURRENT_PROJECT_VERSION = 1;
				DEVELOPMENT_TEAM = 4YDCQLJY46;
				GENERATE_INFOPLIST_FILE = YES;
				INFOPLIST_FILE = homepoint/Info.plist;
				INFOPLIST_KEY_UIApplicationSupportsIndirectInputEvents = YES;
				INFOPLIST_KEY_UILaunchStoryboardName = LaunchScreen;
				INFOPLIST_KEY_UIStatusBarHidden = NO;
				INFOPLIST_KEY_UISupportedInterfaceOrientations_iPad = "UIInterfaceOrientationPortrait UIInterfaceOrientationPortraitUpsideDown UIInterfaceOrientationLandscapeLeft UIInterfaceOrientationLandscapeRight";
				INFOPLIST_KEY_UISupportedInterfaceOrientations_iPhone = "UIInterfaceOrientationPortrait UIInterfaceOrientationLandscapeLeft UIInterfaceOrientationLandscapeRight";
				IPHONEOS_DEPLOYMENT_TARGET = 12.4;
				LD_RUNPATH_SEARCH_PATHS = (
					"$(inherited)",
					"@executable_path/Frameworks",
				);
				MARKETING_VERSION = 1.0;
				PRODUCT_BUNDLE_IDENTIFIER = com.sendo.homepoint;
				PRODUCT_NAME = homepoint;
				SWIFT_EMIT_LOC_STRINGS = YES;
				SWIFT_VERSION = 5.0;
				TARGETED_DEVICE_FAMILY = 1;
			};
			name = Debug;
		};
		62CFEE33283E574A00E909AA /* Release */ = {
			isa = XCBuildConfiguration;
			baseConfigurationReference = B3ADEAACF3313B02500F1B9F /* Pods-homepoint.release.xcconfig */;
			buildSettings = {
				ASSETCATALOG_COMPILER_APPICON_NAME = AppIcon;
				ASSETCATALOG_COMPILER_GLOBAL_ACCENT_COLOR_NAME = AccentColor;
				ASSETCATALOG_COMPILER_INCLUDE_ALL_APPICON_ASSETS = NO;
				CODE_SIGN_STYLE = Automatic;
				CURRENT_PROJECT_VERSION = 1;
				DEVELOPMENT_TEAM = 4YDCQLJY46;
				GENERATE_INFOPLIST_FILE = YES;
				INFOPLIST_FILE = homepoint/Info.plist;
				INFOPLIST_KEY_UIApplicationSupportsIndirectInputEvents = YES;
				INFOPLIST_KEY_UILaunchStoryboardName = LaunchScreen;
				INFOPLIST_KEY_UIStatusBarHidden = NO;
				INFOPLIST_KEY_UISupportedInterfaceOrientations_iPad = "UIInterfaceOrientationPortrait UIInterfaceOrientationPortraitUpsideDown UIInterfaceOrientationLandscapeLeft UIInterfaceOrientationLandscapeRight";
				INFOPLIST_KEY_UISupportedInterfaceOrientations_iPhone = "UIInterfaceOrientationPortrait UIInterfaceOrientationLandscapeLeft UIInterfaceOrientationLandscapeRight";
				IPHONEOS_DEPLOYMENT_TARGET = 12.4;
				LD_RUNPATH_SEARCH_PATHS = (
					"$(inherited)",
					"@executable_path/Frameworks",
				);
				MARKETING_VERSION = 1.0;
				PRODUCT_BUNDLE_IDENTIFIER = com.sendo.homepoint;
				PRODUCT_NAME = homepoint;
				SWIFT_EMIT_LOC_STRINGS = YES;
				SWIFT_VERSION = 5.0;
				TARGETED_DEVICE_FAMILY = 1;
			};
			name = Release;
		};
/* End XCBuildConfiguration section */

/* Begin XCConfigurationList section */
		62CFEE18283E574600E909AA /* Build configuration list for PBXProject "homepoint" */ = {
			isa = XCConfigurationList;
			buildConfigurations = (
				62CFEE2F283E574A00E909AA /* Debug */,
				62CFEE30283E574A00E909AA /* Release */,
			);
			defaultConfigurationIsVisible = 0;
			defaultConfigurationName = Release;
		};
		62CFEE31283E574A00E909AA /* Build configuration list for PBXNativeTarget "homepoint" */ = {
			isa = XCConfigurationList;
			buildConfigurations = (
				62CFEE32283E574A00E909AA /* Debug */,
				62CFEE33283E574A00E909AA /* Release */,
			);
			defaultConfigurationIsVisible = 0;
			defaultConfigurationName = Release;
		};
/* End XCConfigurationList section */
	};
	rootObject = 62CFEE15283E574600E909AA /* Project object */;
}
